// !$*UTF8*$!
{
	archiveVersion = 1;
	classes = {
	};
	objectVersion = 46;
	objects = {

/* Begin PBXBuildFile section */
		464B04A11B639F2B000312CC /* SingleRowImageTask.swift in Sources */ = {isa = PBXBuildFile; fileRef = 464B04A01B639F2B000312CC /* SingleRowImageTask.swift */; };
		464B04B01B63BC39000312CC /* Rhyme1.mp4 in Resources */ = {isa = PBXBuildFile; fileRef = 464B04A21B63BC39000312CC /* Rhyme1.mp4 */; };
		464B04B11B63BC39000312CC /* Rhyme2.mp4 in Resources */ = {isa = PBXBuildFile; fileRef = 464B04A31B63BC39000312CC /* Rhyme2.mp4 */; };
		464B04B21B63BC39000312CC /* Rhyme3.mp4 in Resources */ = {isa = PBXBuildFile; fileRef = 464B04A41B63BC39000312CC /* Rhyme3.mp4 */; };
		464B04B31B63BC39000312CC /* Rhyme4.mp4 in Resources */ = {isa = PBXBuildFile; fileRef = 464B04A51B63BC39000312CC /* Rhyme4.mp4 */; };
		464B04B41B63BC39000312CC /* Rhyme5.mp4 in Resources */ = {isa = PBXBuildFile; fileRef = 464B04A61B63BC39000312CC /* Rhyme5.mp4 */; };
		464B04B51B63BC39000312CC /* Rhyme6.mp4 in Resources */ = {isa = PBXBuildFile; fileRef = 464B04A71B63BC39000312CC /* Rhyme6.mp4 */; };
		464B04B61B63BC39000312CC /* Rhyme7.mp4 in Resources */ = {isa = PBXBuildFile; fileRef = 464B04A81B63BC39000312CC /* Rhyme7.mp4 */; };
		464B04B71B63BC39000312CC /* Rhyme8.mp4 in Resources */ = {isa = PBXBuildFile; fileRef = 464B04A91B63BC39000312CC /* Rhyme8.mp4 */; };
		464B04B81B63BC39000312CC /* Rhyme9.mp4 in Resources */ = {isa = PBXBuildFile; fileRef = 464B04AA1B63BC39000312CC /* Rhyme9.mp4 */; };
		464B04B91B63BC39000312CC /* Rhyme10.mp4 in Resources */ = {isa = PBXBuildFile; fileRef = 464B04AB1B63BC39000312CC /* Rhyme10.mp4 */; };
		464B04BA1B63BC39000312CC /* Rhyme11.mp4 in Resources */ = {isa = PBXBuildFile; fileRef = 464B04AC1B63BC39000312CC /* Rhyme11.mp4 */; };
		464B04BB1B63BC39000312CC /* Rhyme12.mp4 in Resources */ = {isa = PBXBuildFile; fileRef = 464B04AD1B63BC39000312CC /* Rhyme12.mp4 */; };
		464B04BC1B63BC39000312CC /* Rhyme13.mp4 in Resources */ = {isa = PBXBuildFile; fileRef = 464B04AE1B63BC39000312CC /* Rhyme13.mp4 */; };
		464B04BD1B63BC39000312CC /* RhymeIntro.mp4 in Resources */ = {isa = PBXBuildFile; fileRef = 464B04AF1B63BC39000312CC /* RhymeIntro.mp4 */; };
		464B04BF1B63F413000312CC /* Queue.swift in Sources */ = {isa = PBXBuildFile; fileRef = 464B04BE1B63F413000312CC /* Queue.swift */; };
		464B04C11B640A2E000312CC /* AudioManager.swift in Sources */ = {isa = PBXBuildFile; fileRef = 464B04C01B640A2E000312CC /* AudioManager.swift */; };
		464B04D11B642783000312CC /* InitialPhoneme1.mp4 in Resources */ = {isa = PBXBuildFile; fileRef = 464B04C21B642783000312CC /* InitialPhoneme1.mp4 */; };
		464B04D21B642783000312CC /* InitialPhoneme2.mp4 in Resources */ = {isa = PBXBuildFile; fileRef = 464B04C31B642783000312CC /* InitialPhoneme2.mp4 */; };
		464B04D31B642783000312CC /* InitialPhoneme3.mp4 in Resources */ = {isa = PBXBuildFile; fileRef = 464B04C41B642783000312CC /* InitialPhoneme3.mp4 */; };
		464B04D41B642783000312CC /* InitialPhoneme4.mp4 in Resources */ = {isa = PBXBuildFile; fileRef = 464B04C51B642783000312CC /* InitialPhoneme4.mp4 */; };
		464B04D51B642783000312CC /* InitialPhoneme5.mp4 in Resources */ = {isa = PBXBuildFile; fileRef = 464B04C61B642783000312CC /* InitialPhoneme5.mp4 */; };
		464B04D61B642783000312CC /* InitialPhoneme6.mp4 in Resources */ = {isa = PBXBuildFile; fileRef = 464B04C71B642783000312CC /* InitialPhoneme6.mp4 */; };
		464B04D71B642783000312CC /* InitialPhoneme7.mp4 in Resources */ = {isa = PBXBuildFile; fileRef = 464B04C81B642783000312CC /* InitialPhoneme7.mp4 */; };
		464B04D81B642783000312CC /* InitialPhoneme8.mp4 in Resources */ = {isa = PBXBuildFile; fileRef = 464B04C91B642783000312CC /* InitialPhoneme8.mp4 */; };
		464B04D91B642783000312CC /* InitialPhoneme9.mp4 in Resources */ = {isa = PBXBuildFile; fileRef = 464B04CA1B642783000312CC /* InitialPhoneme9.mp4 */; };
		464B04DA1B642783000312CC /* InitialPhoneme10.mp4 in Resources */ = {isa = PBXBuildFile; fileRef = 464B04CB1B642783000312CC /* InitialPhoneme10.mp4 */; };
		464B04DB1B642783000312CC /* InitialPhoneme11.mp4 in Resources */ = {isa = PBXBuildFile; fileRef = 464B04CC1B642783000312CC /* InitialPhoneme11.mp4 */; };
		464B04DC1B642783000312CC /* InitialPhoneme12.mp4 in Resources */ = {isa = PBXBuildFile; fileRef = 464B04CD1B642783000312CC /* InitialPhoneme12.mp4 */; };
		464B04DD1B642783000312CC /* InitialPhoneme13.mp4 in Resources */ = {isa = PBXBuildFile; fileRef = 464B04CE1B642783000312CC /* InitialPhoneme13.mp4 */; };
		464B04DE1B642783000312CC /* InitialPhoneme14.mp4 in Resources */ = {isa = PBXBuildFile; fileRef = 464B04CF1B642783000312CC /* InitialPhoneme14.mp4 */; };
		464B04DF1B642783000312CC /* InitialPhonemeIntro.mp4 in Resources */ = {isa = PBXBuildFile; fileRef = 464B04D01B642783000312CC /* InitialPhonemeIntro.mp4 */; };
		464B04E11B6427A2000312CC /* InitialPhonemeViewController.swift in Sources */ = {isa = PBXBuildFile; fileRef = 464B04E01B6427A2000312CC /* InitialPhonemeViewController.swift */; };
		464B04E31B642D8C000312CC /* InitialPhonemeTask.swift in Sources */ = {isa = PBXBuildFile; fileRef = 464B04E21B642D8C000312CC /* InitialPhonemeTask.swift */; };
		464B04E51B64347B000312CC /* TaskViewController.swift in Sources */ = {isa = PBXBuildFile; fileRef = 464B04E41B64347B000312CC /* TaskViewController.swift */; };
		464B04F51B6ABB18000312CC /* FinalPhoneme1.mp4 in Resources */ = {isa = PBXBuildFile; fileRef = 464B04E61B6ABB18000312CC /* FinalPhoneme1.mp4 */; };
		464B04F61B6ABB18000312CC /* FinalPhoneme2.mp4 in Resources */ = {isa = PBXBuildFile; fileRef = 464B04E71B6ABB18000312CC /* FinalPhoneme2.mp4 */; };
		464B04F71B6ABB18000312CC /* FinalPhoneme3.mp4 in Resources */ = {isa = PBXBuildFile; fileRef = 464B04E81B6ABB18000312CC /* FinalPhoneme3.mp4 */; };
		464B04F81B6ABB18000312CC /* FinalPhoneme4.mp4 in Resources */ = {isa = PBXBuildFile; fileRef = 464B04E91B6ABB18000312CC /* FinalPhoneme4.mp4 */; };
		464B04F91B6ABB18000312CC /* FinalPhoneme5.mp4 in Resources */ = {isa = PBXBuildFile; fileRef = 464B04EA1B6ABB18000312CC /* FinalPhoneme5.mp4 */; };
		464B04FA1B6ABB18000312CC /* FinalPhoneme6.mp4 in Resources */ = {isa = PBXBuildFile; fileRef = 464B04EB1B6ABB18000312CC /* FinalPhoneme6.mp4 */; };
		464B04FB1B6ABB18000312CC /* FinalPhoneme7.mp4 in Resources */ = {isa = PBXBuildFile; fileRef = 464B04EC1B6ABB18000312CC /* FinalPhoneme7.mp4 */; };
		464B04FC1B6ABB18000312CC /* FinalPhoneme8.mp4 in Resources */ = {isa = PBXBuildFile; fileRef = 464B04ED1B6ABB18000312CC /* FinalPhoneme8.mp4 */; };
		464B04FD1B6ABB18000312CC /* FinalPhoneme9.mp4 in Resources */ = {isa = PBXBuildFile; fileRef = 464B04EE1B6ABB18000312CC /* FinalPhoneme9.mp4 */; };
		464B04FE1B6ABB18000312CC /* FinalPhoneme10.mp4 in Resources */ = {isa = PBXBuildFile; fileRef = 464B04EF1B6ABB18000312CC /* FinalPhoneme10.mp4 */; };
		464B04FF1B6ABB18000312CC /* FinalPhoneme11.mp4 in Resources */ = {isa = PBXBuildFile; fileRef = 464B04F01B6ABB18000312CC /* FinalPhoneme11.mp4 */; };
		464B05001B6ABB18000312CC /* FinalPhoneme12.mp4 in Resources */ = {isa = PBXBuildFile; fileRef = 464B04F11B6ABB18000312CC /* FinalPhoneme12.mp4 */; };
		464B05011B6ABB18000312CC /* FinalPhoneme13.mp4 in Resources */ = {isa = PBXBuildFile; fileRef = 464B04F21B6ABB18000312CC /* FinalPhoneme13.mp4 */; };
		464B05021B6ABB18000312CC /* FinalPhoneme14.mp4 in Resources */ = {isa = PBXBuildFile; fileRef = 464B04F31B6ABB18000312CC /* FinalPhoneme14.mp4 */; };
		464B05031B6ABB18000312CC /* FinalPhonemeIntro.mp4 in Resources */ = {isa = PBXBuildFile; fileRef = 464B04F41B6ABB18000312CC /* FinalPhonemeIntro.mp4 */; };
		464B05051B6ABBEE000312CC /* TaskFactory.swift in Sources */ = {isa = PBXBuildFile; fileRef = 464B05041B6ABBEE000312CC /* TaskFactory.swift */; };
		465742271B616ADD00FE3E58 /* AppDelegate.swift in Sources */ = {isa = PBXBuildFile; fileRef = 465742261B616ADD00FE3E58 /* AppDelegate.swift */; };
		465742291B616ADD00FE3E58 /* ViewController.swift in Sources */ = {isa = PBXBuildFile; fileRef = 465742281B616ADD00FE3E58 /* ViewController.swift */; };
		4657422C1B616ADD00FE3E58 /* Main.storyboard in Resources */ = {isa = PBXBuildFile; fileRef = 4657422A1B616ADD00FE3E58 /* Main.storyboard */; };
		4657422E1B616ADD00FE3E58 /* Images.xcassets in Resources */ = {isa = PBXBuildFile; fileRef = 4657422D1B616ADD00FE3E58 /* Images.xcassets */; };
		465742311B616ADD00FE3E58 /* LaunchScreen.xib in Resources */ = {isa = PBXBuildFile; fileRef = 4657422F1B616ADD00FE3E58 /* LaunchScreen.xib */; };
		4657423D1B616ADE00FE3E58 /* PhonemeTests.swift in Sources */ = {isa = PBXBuildFile; fileRef = 4657423C1B616ADE00FE3E58 /* PhonemeTests.swift */; };
		465742521B6170D000FE3E58 /* CustomImageCell.swift in Sources */ = {isa = PBXBuildFile; fileRef = 465742511B6170D000FE3E58 /* CustomImageCell.swift */; };
		465742551B617B8400FE3E58 /* Fam1.mp4 in Resources */ = {isa = PBXBuildFile; fileRef = 465742491B616CB800FE3E58 /* Fam1.mp4 */; };
		465742561B617B8600FE3E58 /* Fam2.mp4 in Resources */ = {isa = PBXBuildFile; fileRef = 4657424A1B616CB800FE3E58 /* Fam2.mp4 */; };
		465742571B617B8A00FE3E58 /* Fam3.mp4 in Resources */ = {isa = PBXBuildFile; fileRef = 4657424B1B616CB800FE3E58 /* Fam3.mp4 */; };
		465742581B617B8A00FE3E58 /* Fam4.mp4 in Resources */ = {isa = PBXBuildFile; fileRef = 4657424C1B616CB800FE3E58 /* Fam4.mp4 */; };
		465742591B617B8A00FE3E58 /* Fam5.mp4 in Resources */ = {isa = PBXBuildFile; fileRef = 4657424D1B616CB800FE3E58 /* Fam5.mp4 */; };
		4657425A1B617B8A00FE3E58 /* Fam6.mp4 in Resources */ = {isa = PBXBuildFile; fileRef = 4657424E1B616CB800FE3E58 /* Fam6.mp4 */; };
		4657425B1B617B8A00FE3E58 /* Fam7.mp4 in Resources */ = {isa = PBXBuildFile; fileRef = 4657424F1B616CB800FE3E58 /* Fam7.mp4 */; };
		4657425C1B617B8A00FE3E58 /* FamIntro.mp4 in Resources */ = {isa = PBXBuildFile; fileRef = 465742501B616CB800FE3E58 /* FamIntro.mp4 */; };
		46BBAFA11B62D72300B65571 /* TaskItem.swift in Sources */ = {isa = PBXBuildFile; fileRef = 46BBAFA01B62D72300B65571 /* TaskItem.swift */; };
/* End PBXBuildFile section */

/* Begin PBXContainerItemProxy section */
		465742371B616ADE00FE3E58 /* PBXContainerItemProxy */ = {
			isa = PBXContainerItemProxy;
			containerPortal = 465742191B616ADD00FE3E58 /* Project object */;
			proxyType = 1;
			remoteGlobalIDString = 465742201B616ADD00FE3E58;
			remoteInfo = Phoneme;
		};
/* End PBXContainerItemProxy section */

/* Begin PBXFileReference section */
		464B04A01B639F2B000312CC /* SingleRowImageTask.swift */ = {isa = PBXFileReference; fileEncoding = 4; lastKnownFileType = sourcecode.swift; path = SingleRowImageTask.swift; sourceTree = "<group>"; };
		464B04A21B63BC39000312CC /* Rhyme1.mp4 */ = {isa = PBXFileReference; lastKnownFileType = file; path = Rhyme1.mp4; sourceTree = "<group>"; };
		464B04A31B63BC39000312CC /* Rhyme2.mp4 */ = {isa = PBXFileReference; lastKnownFileType = file; path = Rhyme2.mp4; sourceTree = "<group>"; };
		464B04A41B63BC39000312CC /* Rhyme3.mp4 */ = {isa = PBXFileReference; lastKnownFileType = file; path = Rhyme3.mp4; sourceTree = "<group>"; };
		464B04A51B63BC39000312CC /* Rhyme4.mp4 */ = {isa = PBXFileReference; lastKnownFileType = file; path = Rhyme4.mp4; sourceTree = "<group>"; };
		464B04A61B63BC39000312CC /* Rhyme5.mp4 */ = {isa = PBXFileReference; lastKnownFileType = file; path = Rhyme5.mp4; sourceTree = "<group>"; };
		464B04A71B63BC39000312CC /* Rhyme6.mp4 */ = {isa = PBXFileReference; lastKnownFileType = file; path = Rhyme6.mp4; sourceTree = "<group>"; };
		464B04A81B63BC39000312CC /* Rhyme7.mp4 */ = {isa = PBXFileReference; lastKnownFileType = file; path = Rhyme7.mp4; sourceTree = "<group>"; };
		464B04A91B63BC39000312CC /* Rhyme8.mp4 */ = {isa = PBXFileReference; lastKnownFileType = file; path = Rhyme8.mp4; sourceTree = "<group>"; };
		464B04AA1B63BC39000312CC /* Rhyme9.mp4 */ = {isa = PBXFileReference; lastKnownFileType = file; path = Rhyme9.mp4; sourceTree = "<group>"; };
		464B04AB1B63BC39000312CC /* Rhyme10.mp4 */ = {isa = PBXFileReference; lastKnownFileType = file; path = Rhyme10.mp4; sourceTree = "<group>"; };
		464B04AC1B63BC39000312CC /* Rhyme11.mp4 */ = {isa = PBXFileReference; lastKnownFileType = file; path = Rhyme11.mp4; sourceTree = "<group>"; };
		464B04AD1B63BC39000312CC /* Rhyme12.mp4 */ = {isa = PBXFileReference; lastKnownFileType = file; path = Rhyme12.mp4; sourceTree = "<group>"; };
		464B04AE1B63BC39000312CC /* Rhyme13.mp4 */ = {isa = PBXFileReference; lastKnownFileType = file; path = Rhyme13.mp4; sourceTree = "<group>"; };
		464B04AF1B63BC39000312CC /* RhymeIntro.mp4 */ = {isa = PBXFileReference; lastKnownFileType = file; path = RhymeIntro.mp4; sourceTree = "<group>"; };
		464B04BE1B63F413000312CC /* Queue.swift */ = {isa = PBXFileReference; fileEncoding = 4; lastKnownFileType = sourcecode.swift; path = Queue.swift; sourceTree = "<group>"; };
		464B04C01B640A2E000312CC /* AudioManager.swift */ = {isa = PBXFileReference; fileEncoding = 4; lastKnownFileType = sourcecode.swift; path = AudioManager.swift; sourceTree = "<group>"; };
		464B04C21B642783000312CC /* InitialPhoneme1.mp4 */ = {isa = PBXFileReference; lastKnownFileType = file; path = InitialPhoneme1.mp4; sourceTree = "<group>"; };
		464B04C31B642783000312CC /* InitialPhoneme2.mp4 */ = {isa = PBXFileReference; lastKnownFileType = file; path = InitialPhoneme2.mp4; sourceTree = "<group>"; };
		464B04C41B642783000312CC /* InitialPhoneme3.mp4 */ = {isa = PBXFileReference; lastKnownFileType = file; path = InitialPhoneme3.mp4; sourceTree = "<group>"; };
		464B04C51B642783000312CC /* InitialPhoneme4.mp4 */ = {isa = PBXFileReference; lastKnownFileType = file; path = InitialPhoneme4.mp4; sourceTree = "<group>"; };
		464B04C61B642783000312CC /* InitialPhoneme5.mp4 */ = {isa = PBXFileReference; lastKnownFileType = file; path = InitialPhoneme5.mp4; sourceTree = "<group>"; };
		464B04C71B642783000312CC /* InitialPhoneme6.mp4 */ = {isa = PBXFileReference; lastKnownFileType = file; path = InitialPhoneme6.mp4; sourceTree = "<group>"; };
		464B04C81B642783000312CC /* InitialPhoneme7.mp4 */ = {isa = PBXFileReference; lastKnownFileType = file; path = InitialPhoneme7.mp4; sourceTree = "<group>"; };
		464B04C91B642783000312CC /* InitialPhoneme8.mp4 */ = {isa = PBXFileReference; lastKnownFileType = file; path = InitialPhoneme8.mp4; sourceTree = "<group>"; };
		464B04CA1B642783000312CC /* InitialPhoneme9.mp4 */ = {isa = PBXFileReference; lastKnownFileType = file; path = InitialPhoneme9.mp4; sourceTree = "<group>"; };
		464B04CB1B642783000312CC /* InitialPhoneme10.mp4 */ = {isa = PBXFileReference; lastKnownFileType = file; path = InitialPhoneme10.mp4; sourceTree = "<group>"; };
		464B04CC1B642783000312CC /* InitialPhoneme11.mp4 */ = {isa = PBXFileReference; lastKnownFileType = file; path = InitialPhoneme11.mp4; sourceTree = "<group>"; };
		464B04CD1B642783000312CC /* InitialPhoneme12.mp4 */ = {isa = PBXFileReference; lastKnownFileType = file; path = InitialPhoneme12.mp4; sourceTree = "<group>"; };
		464B04CE1B642783000312CC /* InitialPhoneme13.mp4 */ = {isa = PBXFileReference; lastKnownFileType = file; path = InitialPhoneme13.mp4; sourceTree = "<group>"; };
		464B04CF1B642783000312CC /* InitialPhoneme14.mp4 */ = {isa = PBXFileReference; lastKnownFileType = file; path = InitialPhoneme14.mp4; sourceTree = "<group>"; };
		464B04D01B642783000312CC /* InitialPhonemeIntro.mp4 */ = {isa = PBXFileReference; lastKnownFileType = file; path = InitialPhonemeIntro.mp4; sourceTree = "<group>"; };
		464B04E01B6427A2000312CC /* InitialPhonemeViewController.swift */ = {isa = PBXFileReference; fileEncoding = 4; lastKnownFileType = sourcecode.swift; path = InitialPhonemeViewController.swift; sourceTree = "<group>"; };
		464B04E21B642D8C000312CC /* InitialPhonemeTask.swift */ = {isa = PBXFileReference; fileEncoding = 4; lastKnownFileType = sourcecode.swift; path = InitialPhonemeTask.swift; sourceTree = "<group>"; };
		464B04E41B64347B000312CC /* TaskViewController.swift */ = {isa = PBXFileReference; fileEncoding = 4; lastKnownFileType = sourcecode.swift; path = TaskViewController.swift; sourceTree = "<group>"; };
		464B04E61B6ABB18000312CC /* FinalPhoneme1.mp4 */ = {isa = PBXFileReference; lastKnownFileType = file; path = FinalPhoneme1.mp4; sourceTree = "<group>"; };
		464B04E71B6ABB18000312CC /* FinalPhoneme2.mp4 */ = {isa = PBXFileReference; lastKnownFileType = file; path = FinalPhoneme2.mp4; sourceTree = "<group>"; };
		464B04E81B6ABB18000312CC /* FinalPhoneme3.mp4 */ = {isa = PBXFileReference; lastKnownFileType = file; path = FinalPhoneme3.mp4; sourceTree = "<group>"; };
		464B04E91B6ABB18000312CC /* FinalPhoneme4.mp4 */ = {isa = PBXFileReference; lastKnownFileType = file; path = FinalPhoneme4.mp4; sourceTree = "<group>"; };
		464B04EA1B6ABB18000312CC /* FinalPhoneme5.mp4 */ = {isa = PBXFileReference; lastKnownFileType = file; path = FinalPhoneme5.mp4; sourceTree = "<group>"; };
		464B04EB1B6ABB18000312CC /* FinalPhoneme6.mp4 */ = {isa = PBXFileReference; lastKnownFileType = file; path = FinalPhoneme6.mp4; sourceTree = "<group>"; };
		464B04EC1B6ABB18000312CC /* FinalPhoneme7.mp4 */ = {isa = PBXFileReference; lastKnownFileType = file; path = FinalPhoneme7.mp4; sourceTree = "<group>"; };
		464B04ED1B6ABB18000312CC /* FinalPhoneme8.mp4 */ = {isa = PBXFileReference; lastKnownFileType = file; path = FinalPhoneme8.mp4; sourceTree = "<group>"; };
		464B04EE1B6ABB18000312CC /* FinalPhoneme9.mp4 */ = {isa = PBXFileReference; lastKnownFileType = file; path = FinalPhoneme9.mp4; sourceTree = "<group>"; };
		464B04EF1B6ABB18000312CC /* FinalPhoneme10.mp4 */ = {isa = PBXFileReference; lastKnownFileType = file; path = FinalPhoneme10.mp4; sourceTree = "<group>"; };
		464B04F01B6ABB18000312CC /* FinalPhoneme11.mp4 */ = {isa = PBXFileReference; lastKnownFileType = file; path = FinalPhoneme11.mp4; sourceTree = "<group>"; };
		464B04F11B6ABB18000312CC /* FinalPhoneme12.mp4 */ = {isa = PBXFileReference; lastKnownFileType = file; path = FinalPhoneme12.mp4; sourceTree = "<group>"; };
		464B04F21B6ABB18000312CC /* FinalPhoneme13.mp4 */ = {isa = PBXFileReference; lastKnownFileType = file; path = FinalPhoneme13.mp4; sourceTree = "<group>"; };
		464B04F31B6ABB18000312CC /* FinalPhoneme14.mp4 */ = {isa = PBXFileReference; lastKnownFileType = file; path = FinalPhoneme14.mp4; sourceTree = "<group>"; };
		464B04F41B6ABB18000312CC /* FinalPhonemeIntro.mp4 */ = {isa = PBXFileReference; lastKnownFileType = file; path = FinalPhonemeIntro.mp4; sourceTree = "<group>"; };
		464B05041B6ABBEE000312CC /* TaskFactory.swift */ = {isa = PBXFileReference; fileEncoding = 4; lastKnownFileType = sourcecode.swift; path = TaskFactory.swift; sourceTree = "<group>"; };
		465742211B616ADD00FE3E58 /* Phoneme.app */ = {isa = PBXFileReference; explicitFileType = wrapper.application; includeInIndex = 0; path = Phoneme.app; sourceTree = BUILT_PRODUCTS_DIR; };
		465742251B616ADD00FE3E58 /* Info.plist */ = {isa = PBXFileReference; lastKnownFileType = text.plist.xml; path = Info.plist; sourceTree = "<group>"; };
		465742261B616ADD00FE3E58 /* AppDelegate.swift */ = {isa = PBXFileReference; lastKnownFileType = sourcecode.swift; path = AppDelegate.swift; sourceTree = "<group>"; };
		465742281B616ADD00FE3E58 /* ViewController.swift */ = {isa = PBXFileReference; lastKnownFileType = sourcecode.swift; path = ViewController.swift; sourceTree = "<group>"; };
		4657422B1B616ADD00FE3E58 /* Base */ = {isa = PBXFileReference; lastKnownFileType = file.storyboard; name = Base; path = Base.lproj/Main.storyboard; sourceTree = "<group>"; };
		4657422D1B616ADD00FE3E58 /* Images.xcassets */ = {isa = PBXFileReference; lastKnownFileType = folder.assetcatalog; path = Images.xcassets; sourceTree = "<group>"; };
		465742301B616ADD00FE3E58 /* Base */ = {isa = PBXFileReference; lastKnownFileType = file.xib; name = Base; path = Base.lproj/LaunchScreen.xib; sourceTree = "<group>"; };
		465742361B616ADE00FE3E58 /* PhonemeTests.xctest */ = {isa = PBXFileReference; explicitFileType = wrapper.cfbundle; includeInIndex = 0; path = PhonemeTests.xctest; sourceTree = BUILT_PRODUCTS_DIR; };
		4657423B1B616ADE00FE3E58 /* Info.plist */ = {isa = PBXFileReference; lastKnownFileType = text.plist.xml; path = Info.plist; sourceTree = "<group>"; };
		4657423C1B616ADE00FE3E58 /* PhonemeTests.swift */ = {isa = PBXFileReference; lastKnownFileType = sourcecode.swift; path = PhonemeTests.swift; sourceTree = "<group>"; };
		465742491B616CB800FE3E58 /* Fam1.mp4 */ = {isa = PBXFileReference; lastKnownFileType = file; path = Fam1.mp4; sourceTree = "<group>"; };
		4657424A1B616CB800FE3E58 /* Fam2.mp4 */ = {isa = PBXFileReference; lastKnownFileType = file; path = Fam2.mp4; sourceTree = "<group>"; };
		4657424B1B616CB800FE3E58 /* Fam3.mp4 */ = {isa = PBXFileReference; lastKnownFileType = file; path = Fam3.mp4; sourceTree = "<group>"; };
		4657424C1B616CB800FE3E58 /* Fam4.mp4 */ = {isa = PBXFileReference; lastKnownFileType = file; path = Fam4.mp4; sourceTree = "<group>"; };
		4657424D1B616CB800FE3E58 /* Fam5.mp4 */ = {isa = PBXFileReference; lastKnownFileType = file; path = Fam5.mp4; sourceTree = "<group>"; };
		4657424E1B616CB800FE3E58 /* Fam6.mp4 */ = {isa = PBXFileReference; lastKnownFileType = file; path = Fam6.mp4; sourceTree = "<group>"; };
		4657424F1B616CB800FE3E58 /* Fam7.mp4 */ = {isa = PBXFileReference; lastKnownFileType = file; path = Fam7.mp4; sourceTree = "<group>"; };
		465742501B616CB800FE3E58 /* FamIntro.mp4 */ = {isa = PBXFileReference; lastKnownFileType = file; path = FamIntro.mp4; sourceTree = "<group>"; };
		465742511B6170D000FE3E58 /* CustomImageCell.swift */ = {isa = PBXFileReference; fileEncoding = 4; lastKnownFileType = sourcecode.swift; path = CustomImageCell.swift; sourceTree = "<group>"; };
		46BBAFA01B62D72300B65571 /* TaskItem.swift */ = {isa = PBXFileReference; fileEncoding = 4; lastKnownFileType = sourcecode.swift; path = TaskItem.swift; sourceTree = "<group>"; };
/* End PBXFileReference section */

/* Begin PBXFrameworksBuildPhase section */
		4657421E1B616ADD00FE3E58 /* Frameworks */ = {
			isa = PBXFrameworksBuildPhase;
			buildActionMask = 2147483647;
			files = (
			);
			runOnlyForDeploymentPostprocessing = 0;
		};
		465742331B616ADE00FE3E58 /* Frameworks */ = {
			isa = PBXFrameworksBuildPhase;
			buildActionMask = 2147483647;
			files = (
			);
			runOnlyForDeploymentPostprocessing = 0;
		};
/* End PBXFrameworksBuildPhase section */

/* Begin PBXGroup section */
		465742181B616ADD00FE3E58 = {
			isa = PBXGroup;
			children = (
				465742231B616ADD00FE3E58 /* Phoneme */,
				465742391B616ADE00FE3E58 /* PhonemeTests */,
				465742221B616ADD00FE3E58 /* Products */,
			);
			sourceTree = "<group>";
		};
		465742221B616ADD00FE3E58 /* Products */ = {
			isa = PBXGroup;
			children = (
				465742211B616ADD00FE3E58 /* Phoneme.app */,
				465742361B616ADE00FE3E58 /* PhonemeTests.xctest */,
			);
			name = Products;
			sourceTree = "<group>";
		};
		465742231B616ADD00FE3E58 /* Phoneme */ = {
			isa = PBXGroup;
			children = (
				465742481B616C2600FE3E58 /* Audio */,
				465742261B616ADD00FE3E58 /* AppDelegate.swift */,
				465742281B616ADD00FE3E58 /* ViewController.swift */,
				464B04A01B639F2B000312CC /* SingleRowImageTask.swift */,
				464B04E01B6427A2000312CC /* InitialPhonemeViewController.swift */,
				4657422A1B616ADD00FE3E58 /* Main.storyboard */,
				465742511B6170D000FE3E58 /* CustomImageCell.swift */,
				4657422D1B616ADD00FE3E58 /* Images.xcassets */,
				46BBAFA01B62D72300B65571 /* TaskItem.swift */,
				464B04E21B642D8C000312CC /* InitialPhonemeTask.swift */,
				4657422F1B616ADD00FE3E58 /* LaunchScreen.xib */,
				465742241B616ADD00FE3E58 /* Supporting Files */,
				464B04BE1B63F413000312CC /* Queue.swift */,
				464B04C01B640A2E000312CC /* AudioManager.swift */,
				464B04E41B64347B000312CC /* TaskViewController.swift */,
				464B05041B6ABBEE000312CC /* TaskFactory.swift */,
			);
			path = Phoneme;
			sourceTree = "<group>";
		};
		465742241B616ADD00FE3E58 /* Supporting Files */ = {
			isa = PBXGroup;
			children = (
				465742251B616ADD00FE3E58 /* Info.plist */,
			);
			name = "Supporting Files";
			sourceTree = "<group>";
		};
		465742391B616ADE00FE3E58 /* PhonemeTests */ = {
			isa = PBXGroup;
			children = (
				4657423C1B616ADE00FE3E58 /* PhonemeTests.swift */,
				4657423A1B616ADE00FE3E58 /* Supporting Files */,
			);
			path = PhonemeTests;
			sourceTree = "<group>";
		};
		4657423A1B616ADE00FE3E58 /* Supporting Files */ = {
			isa = PBXGroup;
			children = (
				4657423B1B616ADE00FE3E58 /* Info.plist */,
			);
			name = "Supporting Files";
			sourceTree = "<group>";
		};
		465742481B616C2600FE3E58 /* Audio */ = {
			isa = PBXGroup;
			children = (
				464B04C21B642783000312CC /* InitialPhoneme1.mp4 */,
				464B04C31B642783000312CC /* InitialPhoneme2.mp4 */,
				464B04C41B642783000312CC /* InitialPhoneme3.mp4 */,
				464B04C51B642783000312CC /* InitialPhoneme4.mp4 */,
				464B04C61B642783000312CC /* InitialPhoneme5.mp4 */,
				464B04C71B642783000312CC /* InitialPhoneme6.mp4 */,
				464B04C81B642783000312CC /* InitialPhoneme7.mp4 */,
				464B04C91B642783000312CC /* InitialPhoneme8.mp4 */,
				464B04CA1B642783000312CC /* InitialPhoneme9.mp4 */,
				464B04CB1B642783000312CC /* InitialPhoneme10.mp4 */,
				464B04CC1B642783000312CC /* InitialPhoneme11.mp4 */,
				464B04CD1B642783000312CC /* InitialPhoneme12.mp4 */,
				464B04CE1B642783000312CC /* InitialPhoneme13.mp4 */,
				464B04CF1B642783000312CC /* InitialPhoneme14.mp4 */,
				464B04D01B642783000312CC /* InitialPhonemeIntro.mp4 */,
				464B04E61B6ABB18000312CC /* FinalPhoneme1.mp4 */,
				464B04E71B6ABB18000312CC /* FinalPhoneme2.mp4 */,
				464B04E81B6ABB18000312CC /* FinalPhoneme3.mp4 */,
				464B04E91B6ABB18000312CC /* FinalPhoneme4.mp4 */,
				464B04EA1B6ABB18000312CC /* FinalPhoneme5.mp4 */,
				464B04EB1B6ABB18000312CC /* FinalPhoneme6.mp4 */,
				464B04EC1B6ABB18000312CC /* FinalPhoneme7.mp4 */,
				464B04ED1B6ABB18000312CC /* FinalPhoneme8.mp4 */,
				464B04EE1B6ABB18000312CC /* FinalPhoneme9.mp4 */,
				464B04EF1B6ABB18000312CC /* FinalPhoneme10.mp4 */,
				464B04F01B6ABB18000312CC /* FinalPhoneme11.mp4 */,
				464B04F11B6ABB18000312CC /* FinalPhoneme12.mp4 */,
				464B04F21B6ABB18000312CC /* FinalPhoneme13.mp4 */,
				464B04F31B6ABB18000312CC /* FinalPhoneme14.mp4 */,
				464B04F41B6ABB18000312CC /* FinalPhonemeIntro.mp4 */,
				464B04A21B63BC39000312CC /* Rhyme1.mp4 */,
				464B04A31B63BC39000312CC /* Rhyme2.mp4 */,
				464B04A41B63BC39000312CC /* Rhyme3.mp4 */,
				464B04A51B63BC39000312CC /* Rhyme4.mp4 */,
				464B04A61B63BC39000312CC /* Rhyme5.mp4 */,
				464B04A71B63BC39000312CC /* Rhyme6.mp4 */,
				464B04A81B63BC39000312CC /* Rhyme7.mp4 */,
				464B04A91B63BC39000312CC /* Rhyme8.mp4 */,
				464B04AA1B63BC39000312CC /* Rhyme9.mp4 */,
				464B04AB1B63BC39000312CC /* Rhyme10.mp4 */,
				464B04AC1B63BC39000312CC /* Rhyme11.mp4 */,
				464B04AD1B63BC39000312CC /* Rhyme12.mp4 */,
				464B04AE1B63BC39000312CC /* Rhyme13.mp4 */,
				464B04AF1B63BC39000312CC /* RhymeIntro.mp4 */,
				465742491B616CB800FE3E58 /* Fam1.mp4 */,
				4657424A1B616CB800FE3E58 /* Fam2.mp4 */,
				4657424B1B616CB800FE3E58 /* Fam3.mp4 */,
				4657424C1B616CB800FE3E58 /* Fam4.mp4 */,
				4657424D1B616CB800FE3E58 /* Fam5.mp4 */,
				4657424E1B616CB800FE3E58 /* Fam6.mp4 */,
				4657424F1B616CB800FE3E58 /* Fam7.mp4 */,
				465742501B616CB800FE3E58 /* FamIntro.mp4 */,
			);
			path = Audio;
			sourceTree = "<group>";
		};
/* End PBXGroup section */

/* Begin PBXNativeTarget section */
		465742201B616ADD00FE3E58 /* Phoneme */ = {
			isa = PBXNativeTarget;
			buildConfigurationList = 465742401B616ADE00FE3E58 /* Build configuration list for PBXNativeTarget "Phoneme" */;
			buildPhases = (
				4657421D1B616ADD00FE3E58 /* Sources */,
				4657421E1B616ADD00FE3E58 /* Frameworks */,
				4657421F1B616ADD00FE3E58 /* Resources */,
			);
			buildRules = (
			);
			dependencies = (
			);
			name = Phoneme;
			productName = Phoneme;
			productReference = 465742211B616ADD00FE3E58 /* Phoneme.app */;
			productType = "com.apple.product-type.application";
		};
		465742351B616ADE00FE3E58 /* PhonemeTests */ = {
			isa = PBXNativeTarget;
			buildConfigurationList = 465742431B616ADE00FE3E58 /* Build configuration list for PBXNativeTarget "PhonemeTests" */;
			buildPhases = (
				465742321B616ADE00FE3E58 /* Sources */,
				465742331B616ADE00FE3E58 /* Frameworks */,
				465742341B616ADE00FE3E58 /* Resources */,
			);
			buildRules = (
			);
			dependencies = (
				465742381B616ADE00FE3E58 /* PBXTargetDependency */,
			);
			name = PhonemeTests;
			productName = PhonemeTests;
			productReference = 465742361B616ADE00FE3E58 /* PhonemeTests.xctest */;
			productType = "com.apple.product-type.bundle.unit-test";
		};
/* End PBXNativeTarget section */

/* Begin PBXProject section */
		465742191B616ADD00FE3E58 /* Project object */ = {
			isa = PBXProject;
			attributes = {
				LastUpgradeCheck = 0640;
				ORGANIZATIONNAME = donal;
				TargetAttributes = {
					465742201B616ADD00FE3E58 = {
						CreatedOnToolsVersion = 6.4;
					};
					465742351B616ADE00FE3E58 = {
						CreatedOnToolsVersion = 6.4;
						TestTargetID = 465742201B616ADD00FE3E58;
					};
				};
			};
			buildConfigurationList = 4657421C1B616ADD00FE3E58 /* Build configuration list for PBXProject "Phoneme" */;
			compatibilityVersion = "Xcode 3.2";
			developmentRegion = English;
			hasScannedForEncodings = 0;
			knownRegions = (
				en,
				Base,
			);
			mainGroup = 465742181B616ADD00FE3E58;
			productRefGroup = 465742221B616ADD00FE3E58 /* Products */;
			projectDirPath = "";
			projectRoot = "";
			targets = (
				465742201B616ADD00FE3E58 /* Phoneme */,
				465742351B616ADE00FE3E58 /* PhonemeTests */,
			);
		};
/* End PBXProject section */

/* Begin PBXResourcesBuildPhase section */
		4657421F1B616ADD00FE3E58 /* Resources */ = {
			isa = PBXResourcesBuildPhase;
			buildActionMask = 2147483647;
			files = (
				464B04B11B63BC39000312CC /* Rhyme2.mp4 in Resources */,
				464B04D41B642783000312CC /* InitialPhoneme4.mp4 in Resources */,
				464B04BD1B63BC39000312CC /* RhymeIntro.mp4 in Resources */,
				465742591B617B8A00FE3E58 /* Fam5.mp4 in Resources */,
				464B04B91B63BC39000312CC /* Rhyme10.mp4 in Resources */,
				464B05031B6ABB18000312CC /* FinalPhonemeIntro.mp4 in Resources */,
				465742551B617B8400FE3E58 /* Fam1.mp4 in Resources */,
				464B04FA1B6ABB18000312CC /* FinalPhoneme6.mp4 in Resources */,
				464B04B81B63BC39000312CC /* Rhyme9.mp4 in Resources */,
				464B04F71B6ABB18000312CC /* FinalPhoneme3.mp4 in Resources */,
				464B04D81B642783000312CC /* InitialPhoneme8.mp4 in Resources */,
				464B04B41B63BC39000312CC /* Rhyme5.mp4 in Resources */,
				464B04FB1B6ABB18000312CC /* FinalPhoneme7.mp4 in Resources */,
				464B04DA1B642783000312CC /* InitialPhoneme10.mp4 in Resources */,
				464B04B71B63BC39000312CC /* Rhyme8.mp4 in Resources */,
				464B04FE1B6ABB18000312CC /* FinalPhoneme10.mp4 in Resources */,
				464B04B31B63BC39000312CC /* Rhyme4.mp4 in Resources */,
				464B04B51B63BC39000312CC /* Rhyme6.mp4 in Resources */,
				464B04DC1B642783000312CC /* InitialPhoneme12.mp4 in Resources */,
				464B04B21B63BC39000312CC /* Rhyme3.mp4 in Resources */,
				464B04D31B642783000312CC /* InitialPhoneme3.mp4 in Resources */,
				464B04F61B6ABB18000312CC /* FinalPhoneme2.mp4 in Resources */,
				464B04DF1B642783000312CC /* InitialPhonemeIntro.mp4 in Resources */,
				465742581B617B8A00FE3E58 /* Fam4.mp4 in Resources */,
				464B04BC1B63BC39000312CC /* Rhyme13.mp4 in Resources */,
				464B04FD1B6ABB18000312CC /* FinalPhoneme9.mp4 in Resources */,
				464B04FF1B6ABB18000312CC /* FinalPhoneme11.mp4 in Resources */,
				464B04B01B63BC39000312CC /* Rhyme1.mp4 in Resources */,
				464B04B61B63BC39000312CC /* Rhyme7.mp4 in Resources */,
				464B04BA1B63BC39000312CC /* Rhyme11.mp4 in Resources */,
				464B04DD1B642783000312CC /* InitialPhoneme13.mp4 in Resources */,
				464B04D21B642783000312CC /* InitialPhoneme2.mp4 in Resources */,
				4657425C1B617B8A00FE3E58 /* FamIntro.mp4 in Resources */,
				464B04D91B642783000312CC /* InitialPhoneme9.mp4 in Resources */,
				464B04DB1B642783000312CC /* InitialPhoneme11.mp4 in Resources */,
				464B05001B6ABB18000312CC /* FinalPhoneme12.mp4 in Resources */,
				464B04D11B642783000312CC /* InitialPhoneme1.mp4 in Resources */,
				464B04F81B6ABB18000312CC /* FinalPhoneme4.mp4 in Resources */,
				4657422C1B616ADD00FE3E58 /* Main.storyboard in Resources */,
				464B04F51B6ABB18000312CC /* FinalPhoneme1.mp4 in Resources */,
				464B04D61B642783000312CC /* InitialPhoneme6.mp4 in Resources */,
				464B04BB1B63BC39000312CC /* Rhyme12.mp4 in Resources */,
				4657425B1B617B8A00FE3E58 /* Fam7.mp4 in Resources */,
				465742571B617B8A00FE3E58 /* Fam3.mp4 in Resources */,
				464B05011B6ABB18000312CC /* FinalPhoneme13.mp4 in Resources */,
				464B04DE1B642783000312CC /* InitialPhoneme14.mp4 in Resources */,
				464B04D51B642783000312CC /* InitialPhoneme5.mp4 in Resources */,
				464B05021B6ABB18000312CC /* FinalPhoneme14.mp4 in Resources */,
				4657425A1B617B8A00FE3E58 /* Fam6.mp4 in Resources */,
				465742311B616ADD00FE3E58 /* LaunchScreen.xib in Resources */,
				4657422E1B616ADD00FE3E58 /* Images.xcassets in Resources */,
				465742561B617B8600FE3E58 /* Fam2.mp4 in Resources */,
				464B04F91B6ABB18000312CC /* FinalPhoneme5.mp4 in Resources */,
				464B04FC1B6ABB18000312CC /* FinalPhoneme8.mp4 in Resources */,
				464B04D71B642783000312CC /* InitialPhoneme7.mp4 in Resources */,
			);
			runOnlyForDeploymentPostprocessing = 0;
		};
		465742341B616ADE00FE3E58 /* Resources */ = {
			isa = PBXResourcesBuildPhase;
			buildActionMask = 2147483647;
			files = (
			);
			runOnlyForDeploymentPostprocessing = 0;
		};
/* End PBXResourcesBuildPhase section */

/* Begin PBXSourcesBuildPhase section */
		4657421D1B616ADD00FE3E58 /* Sources */ = {
			isa = PBXSourcesBuildPhase;
			buildActionMask = 2147483647;
			files = (
				464B04A11B639F2B000312CC /* SingleRowImageTask.swift in Sources */,
				464B04E31B642D8C000312CC /* InitialPhonemeTask.swift in Sources */,
				464B04C11B640A2E000312CC /* AudioManager.swift in Sources */,
				464B04E11B6427A2000312CC /* InitialPhonemeViewController.swift in Sources */,
				464B05051B6ABBEE000312CC /* TaskFactory.swift in Sources */,
				464B04BF1B63F413000312CC /* Queue.swift in Sources */,
				46BBAFA11B62D72300B65571 /* TaskItem.swift in Sources */,
				465742291B616ADD00FE3E58 /* ViewController.swift in Sources */,
				464B04E51B64347B000312CC /* TaskViewController.swift in Sources */,
				465742521B6170D000FE3E58 /* CustomImageCell.swift in Sources */,
				465742271B616ADD00FE3E58 /* AppDelegate.swift in Sources */,
			);
			runOnlyForDeploymentPostprocessing = 0;
		};
		465742321B616ADE00FE3E58 /* Sources */ = {
			isa = PBXSourcesBuildPhase;
			buildActionMask = 2147483647;
			files = (
				4657423D1B616ADE00FE3E58 /* PhonemeTests.swift in Sources */,
			);
			runOnlyForDeploymentPostprocessing = 0;
		};
/* End PBXSourcesBuildPhase section */

/* Begin PBXTargetDependency section */
		465742381B616ADE00FE3E58 /* PBXTargetDependency */ = {
			isa = PBXTargetDependency;
			target = 465742201B616ADD00FE3E58 /* Phoneme */;
			targetProxy = 465742371B616ADE00FE3E58 /* PBXContainerItemProxy */;
		};
/* End PBXTargetDependency section */

/* Begin PBXVariantGroup section */
		4657422A1B616ADD00FE3E58 /* Main.storyboard */ = {
			isa = PBXVariantGroup;
			children = (
				4657422B1B616ADD00FE3E58 /* Base */,
			);
			name = Main.storyboard;
			sourceTree = "<group>";
		};
		4657422F1B616ADD00FE3E58 /* LaunchScreen.xib */ = {
			isa = PBXVariantGroup;
			children = (
				465742301B616ADD00FE3E58 /* Base */,
			);
			name = LaunchScreen.xib;
			sourceTree = "<group>";
		};
/* End PBXVariantGroup section */

/* Begin XCBuildConfiguration section */
		4657423E1B616ADE00FE3E58 /* Debug */ = {
			isa = XCBuildConfiguration;
			buildSettings = {
				ALWAYS_SEARCH_USER_PATHS = NO;
				CLANG_CXX_LANGUAGE_STANDARD = "gnu++0x";
				CLANG_CXX_LIBRARY = "libc++";
				CLANG_ENABLE_MODULES = YES;
				CLANG_ENABLE_OBJC_ARC = YES;
				CLANG_WARN_BOOL_CONVERSION = YES;
				CLANG_WARN_CONSTANT_CONVERSION = YES;
				CLANG_WARN_DIRECT_OBJC_ISA_USAGE = YES_ERROR;
				CLANG_WARN_EMPTY_BODY = YES;
				CLANG_WARN_ENUM_CONVERSION = YES;
				CLANG_WARN_INT_CONVERSION = YES;
				CLANG_WARN_OBJC_ROOT_CLASS = YES_ERROR;
				CLANG_WARN_UNREACHABLE_CODE = YES;
				CLANG_WARN__DUPLICATE_METHOD_MATCH = YES;
				"CODE_SIGN_IDENTITY[sdk=iphoneos*]" = "iPhone Developer";
				COPY_PHASE_STRIP = NO;
				DEBUG_INFORMATION_FORMAT = "dwarf-with-dsym";
				ENABLE_STRICT_OBJC_MSGSEND = YES;
				GCC_C_LANGUAGE_STANDARD = gnu99;
				GCC_DYNAMIC_NO_PIC = NO;
				GCC_NO_COMMON_BLOCKS = YES;
				GCC_OPTIMIZATION_LEVEL = 0;
				GCC_PREPROCESSOR_DEFINITIONS = (
					"DEBUG=1",
					"$(inherited)",
				);
				GCC_SYMBOLS_PRIVATE_EXTERN = NO;
				GCC_WARN_64_TO_32_BIT_CONVERSION = YES;
				GCC_WARN_ABOUT_RETURN_TYPE = YES_ERROR;
				GCC_WARN_UNDECLARED_SELECTOR = YES;
				GCC_WARN_UNINITIALIZED_AUTOS = YES_AGGRESSIVE;
				GCC_WARN_UNUSED_FUNCTION = YES;
				GCC_WARN_UNUSED_VARIABLE = YES;
				IPHONEOS_DEPLOYMENT_TARGET = 8.4;
				MTL_ENABLE_DEBUG_INFO = YES;
				ONLY_ACTIVE_ARCH = YES;
				SDKROOT = iphoneos;
				SWIFT_OPTIMIZATION_LEVEL = "-Onone";
				TARGETED_DEVICE_FAMILY = 2;
			};
			name = Debug;
		};
		4657423F1B616ADE00FE3E58 /* Release */ = {
			isa = XCBuildConfiguration;
			buildSettings = {
				ALWAYS_SEARCH_USER_PATHS = NO;
				CLANG_CXX_LANGUAGE_STANDARD = "gnu++0x";
				CLANG_CXX_LIBRARY = "libc++";
				CLANG_ENABLE_MODULES = YES;
				CLANG_ENABLE_OBJC_ARC = YES;
				CLANG_WARN_BOOL_CONVERSION = YES;
				CLANG_WARN_CONSTANT_CONVERSION = YES;
				CLANG_WARN_DIRECT_OBJC_ISA_USAGE = YES_ERROR;
				CLANG_WARN_EMPTY_BODY = YES;
				CLANG_WARN_ENUM_CONVERSION = YES;
				CLANG_WARN_INT_CONVERSION = YES;
				CLANG_WARN_OBJC_ROOT_CLASS = YES_ERROR;
				CLANG_WARN_UNREACHABLE_CODE = YES;
				CLANG_WARN__DUPLICATE_METHOD_MATCH = YES;
				"CODE_SIGN_IDENTITY[sdk=iphoneos*]" = "iPhone Developer";
				COPY_PHASE_STRIP = NO;
				DEBUG_INFORMATION_FORMAT = "dwarf-with-dsym";
				ENABLE_NS_ASSERTIONS = NO;
				ENABLE_STRICT_OBJC_MSGSEND = YES;
				GCC_C_LANGUAGE_STANDARD = gnu99;
				GCC_NO_COMMON_BLOCKS = YES;
				GCC_WARN_64_TO_32_BIT_CONVERSION = YES;
				GCC_WARN_ABOUT_RETURN_TYPE = YES_ERROR;
				GCC_WARN_UNDECLARED_SELECTOR = YES;
				GCC_WARN_UNINITIALIZED_AUTOS = YES_AGGRESSIVE;
				GCC_WARN_UNUSED_FUNCTION = YES;
				GCC_WARN_UNUSED_VARIABLE = YES;
				IPHONEOS_DEPLOYMENT_TARGET = 8.4;
				MTL_ENABLE_DEBUG_INFO = NO;
				SDKROOT = iphoneos;
				TARGETED_DEVICE_FAMILY = 2;
				VALIDATE_PRODUCT = YES;
			};
			name = Release;
		};
		465742411B616ADE00FE3E58 /* Debug */ = {
			isa = XCBuildConfiguration;
			buildSettings = {
				ASSETCATALOG_COMPILER_APPICON_NAME = AppIcon;
				ASSETCATALOG_COMPILER_LAUNCHIMAGE_NAME = LaunchImage;
				INFOPLIST_FILE = Phoneme/Info.plist;
				LD_RUNPATH_SEARCH_PATHS = "$(inherited) @executable_path/Frameworks";
				PRODUCT_NAME = "$(TARGET_NAME)";
			};
			name = Debug;
		};
		465742421B616ADE00FE3E58 /* Release */ = {
			isa = XCBuildConfiguration;
			buildSettings = {
				ASSETCATALOG_COMPILER_APPICON_NAME = AppIcon;
				ASSETCATALOG_COMPILER_LAUNCHIMAGE_NAME = LaunchImage;
				INFOPLIST_FILE = Phoneme/Info.plist;
				LD_RUNPATH_SEARCH_PATHS = "$(inherited) @executable_path/Frameworks";
				PRODUCT_NAME = "$(TARGET_NAME)";
			};
			name = Release;
		};
		465742441B616ADE00FE3E58 /* Debug */ = {
			isa = XCBuildConfiguration;
			buildSettings = {
				BUNDLE_LOADER = "$(TEST_HOST)";
				FRAMEWORK_SEARCH_PATHS = (
					"$(SDKROOT)/Developer/Library/Frameworks",
					"$(inherited)",
				);
				GCC_PREPROCESSOR_DEFINITIONS = (
					"DEBUG=1",
					"$(inherited)",
				);
				INFOPLIST_FILE = PhonemeTests/Info.plist;
				LD_RUNPATH_SEARCH_PATHS = "$(inherited) @executable_path/Frameworks @loader_path/Frameworks";
				PRODUCT_NAME = "$(TARGET_NAME)";
				TEST_HOST = "$(BUILT_PRODUCTS_DIR)/Phoneme.app/Phoneme";
			};
			name = Debug;
		};
		465742451B616ADE00FE3E58 /* Release */ = {
			isa = XCBuildConfiguration;
			buildSettings = {
				BUNDLE_LOADER = "$(TEST_HOST)";
				FRAMEWORK_SEARCH_PATHS = (
					"$(SDKROOT)/Developer/Library/Frameworks",
					"$(inherited)",
				);
				INFOPLIST_FILE = PhonemeTests/Info.plist;
				LD_RUNPATH_SEARCH_PATHS = "$(inherited) @executable_path/Frameworks @loader_path/Frameworks";
				PRODUCT_NAME = "$(TARGET_NAME)";
				TEST_HOST = "$(BUILT_PRODUCTS_DIR)/Phoneme.app/Phoneme";
			};
			name = Release;
		};
/* End XCBuildConfiguration section */

/* Begin XCConfigurationList section */
		4657421C1B616ADD00FE3E58 /* Build configuration list for PBXProject "Phoneme" */ = {
			isa = XCConfigurationList;
			buildConfigurations = (
				4657423E1B616ADE00FE3E58 /* Debug */,
				4657423F1B616ADE00FE3E58 /* Release */,
			);
			defaultConfigurationIsVisible = 0;
			defaultConfigurationName = Release;
		};
		465742401B616ADE00FE3E58 /* Build configuration list for PBXNativeTarget "Phoneme" */ = {
			isa = XCConfigurationList;
			buildConfigurations = (
				465742411B616ADE00FE3E58 /* Debug */,
				465742421B616ADE00FE3E58 /* Release */,
			);
			defaultConfigurationIsVisible = 0;
			defaultConfigurationName = Release;
		};
		465742431B616ADE00FE3E58 /* Build configuration list for PBXNativeTarget "PhonemeTests" */ = {
			isa = XCConfigurationList;
			buildConfigurations = (
				465742441B616ADE00FE3E58 /* Debug */,
				465742451B616ADE00FE3E58 /* Release */,
			);
			defaultConfigurationIsVisible = 0;
			defaultConfigurationName = Release;
		};
/* End XCConfigurationList section */
	};
	rootObject = 465742191B616ADD00FE3E58 /* Project object */;
}
