// !$*UTF8*$!
{
	archiveVersion = 1;
	classes = {
	};
	objectVersion = 46;
	objects = {

/* Begin PBXBuildFile section */
		460505EF1B7633960053EB1C /* LSRec1.mp4 in Resources */ = {isa = PBXBuildFile; fileRef = 460505D71B7633960053EB1C /* LSRec1.mp4 */; };
		460505F01B7633960053EB1C /* LSRec2.mp4 in Resources */ = {isa = PBXBuildFile; fileRef = 460505D81B7633960053EB1C /* LSRec2.mp4 */; };
		460505F11B7633960053EB1C /* LSRec3.mp4 in Resources */ = {isa = PBXBuildFile; fileRef = 460505D91B7633960053EB1C /* LSRec3.mp4 */; };
		460505F21B7633960053EB1C /* LSRec4.mp4 in Resources */ = {isa = PBXBuildFile; fileRef = 460505DA1B7633960053EB1C /* LSRec4.mp4 */; };
		460505F31B7633960053EB1C /* LSRec5.mp4 in Resources */ = {isa = PBXBuildFile; fileRef = 460505DB1B7633960053EB1C /* LSRec5.mp4 */; };
		460505F41B7633960053EB1C /* LSRec6.mp4 in Resources */ = {isa = PBXBuildFile; fileRef = 460505DC1B7633960053EB1C /* LSRec6.mp4 */; };
		460505F51B7633960053EB1C /* LSRec7.mp4 in Resources */ = {isa = PBXBuildFile; fileRef = 460505DD1B7633960053EB1C /* LSRec7.mp4 */; };
		460505F61B7633960053EB1C /* LSRec8.mp4 in Resources */ = {isa = PBXBuildFile; fileRef = 460505DE1B7633960053EB1C /* LSRec8.mp4 */; };
		460505F71B7633960053EB1C /* LSRec9.mp4 in Resources */ = {isa = PBXBuildFile; fileRef = 460505DF1B7633960053EB1C /* LSRec9.mp4 */; };
		460505F81B7633960053EB1C /* LSRec10.mp4 in Resources */ = {isa = PBXBuildFile; fileRef = 460505E01B7633960053EB1C /* LSRec10.mp4 */; };
		460505F91B7633960053EB1C /* LSRec11.mp4 in Resources */ = {isa = PBXBuildFile; fileRef = 460505E11B7633960053EB1C /* LSRec11.mp4 */; };
		460505FA1B7633960053EB1C /* LSRec12.mp4 in Resources */ = {isa = PBXBuildFile; fileRef = 460505E21B7633960053EB1C /* LSRec12.mp4 */; };
		460505FB1B7633960053EB1C /* LSRec13.mp4 in Resources */ = {isa = PBXBuildFile; fileRef = 460505E31B7633960053EB1C /* LSRec13.mp4 */; };
		460505FC1B7633960053EB1C /* LSRec14.mp4 in Resources */ = {isa = PBXBuildFile; fileRef = 460505E41B7633960053EB1C /* LSRec14.mp4 */; };
		460505FD1B7633960053EB1C /* LSRec15.mp4 in Resources */ = {isa = PBXBuildFile; fileRef = 460505E51B7633960053EB1C /* LSRec15.mp4 */; };
		460505FE1B7633960053EB1C /* LSRec16.mp4 in Resources */ = {isa = PBXBuildFile; fileRef = 460505E61B7633960053EB1C /* LSRec16.mp4 */; };
		460505FF1B7633960053EB1C /* LSRec17.mp4 in Resources */ = {isa = PBXBuildFile; fileRef = 460505E71B7633960053EB1C /* LSRec17.mp4 */; };
		460506001B7633960053EB1C /* LSRec18.mp4 in Resources */ = {isa = PBXBuildFile; fileRef = 460505E81B7633960053EB1C /* LSRec18.mp4 */; };
		460506011B7633960053EB1C /* LSRec19.mp4 in Resources */ = {isa = PBXBuildFile; fileRef = 460505E91B7633960053EB1C /* LSRec19.mp4 */; };
		460506021B7633960053EB1C /* LSRec20.mp4 in Resources */ = {isa = PBXBuildFile; fileRef = 460505EA1B7633960053EB1C /* LSRec20.mp4 */; };
		460506031B7633960053EB1C /* LSRec21.mp4 in Resources */ = {isa = PBXBuildFile; fileRef = 460505EB1B7633960053EB1C /* LSRec21.mp4 */; };
		460506041B7633960053EB1C /* LSRec22.mp4 in Resources */ = {isa = PBXBuildFile; fileRef = 460505EC1B7633960053EB1C /* LSRec22.mp4 */; };
		460506051B7633960053EB1C /* LSRec23.mp4 in Resources */ = {isa = PBXBuildFile; fileRef = 460505ED1B7633960053EB1C /* LSRec23.mp4 */; };
		460506061B7633960053EB1C /* LSRecIntro.mp4 in Resources */ = {isa = PBXBuildFile; fileRef = 460505EE1B7633960053EB1C /* LSRecIntro.mp4 */; };
		460506171B765B190053EB1C /* WordRead1.mp4 in Resources */ = {isa = PBXBuildFile; fileRef = 460506071B765B180053EB1C /* WordRead1.mp4 */; };
		460506181B765B190053EB1C /* WordRead2.mp4 in Resources */ = {isa = PBXBuildFile; fileRef = 460506081B765B180053EB1C /* WordRead2.mp4 */; };
		460506191B765B190053EB1C /* WordRead3.mp4 in Resources */ = {isa = PBXBuildFile; fileRef = 460506091B765B180053EB1C /* WordRead3.mp4 */; };
		4605061A1B765B190053EB1C /* WordRead4.mp4 in Resources */ = {isa = PBXBuildFile; fileRef = 4605060A1B765B180053EB1C /* WordRead4.mp4 */; };
		4605061B1B765B190053EB1C /* WordRead5.mp4 in Resources */ = {isa = PBXBuildFile; fileRef = 4605060B1B765B180053EB1C /* WordRead5.mp4 */; };
		4605061C1B765B190053EB1C /* WordRead6.mp4 in Resources */ = {isa = PBXBuildFile; fileRef = 4605060C1B765B180053EB1C /* WordRead6.mp4 */; };
		4605061D1B765B190053EB1C /* WordRead7.mp4 in Resources */ = {isa = PBXBuildFile; fileRef = 4605060D1B765B180053EB1C /* WordRead7.mp4 */; };
		4605061E1B765B190053EB1C /* WordRead8.mp4 in Resources */ = {isa = PBXBuildFile; fileRef = 4605060E1B765B180053EB1C /* WordRead8.mp4 */; };
		4605061F1B765B190053EB1C /* WordRead9.mp4 in Resources */ = {isa = PBXBuildFile; fileRef = 4605060F1B765B180053EB1C /* WordRead9.mp4 */; };
		460506201B765B190053EB1C /* WordRead10.mp4 in Resources */ = {isa = PBXBuildFile; fileRef = 460506101B765B180053EB1C /* WordRead10.mp4 */; };
		460506211B765B190053EB1C /* WordRead11.mp4 in Resources */ = {isa = PBXBuildFile; fileRef = 460506111B765B180053EB1C /* WordRead11.mp4 */; };
		460506221B765B190053EB1C /* WordRead12.mp4 in Resources */ = {isa = PBXBuildFile; fileRef = 460506121B765B180053EB1C /* WordRead12.mp4 */; };
		460506231B765B190053EB1C /* WordRead13.mp4 in Resources */ = {isa = PBXBuildFile; fileRef = 460506131B765B180053EB1C /* WordRead13.mp4 */; };
		460506241B765B190053EB1C /* WordRead14.mp4 in Resources */ = {isa = PBXBuildFile; fileRef = 460506141B765B180053EB1C /* WordRead14.mp4 */; };
		460506251B765B190053EB1C /* WordRead15.mp4 in Resources */ = {isa = PBXBuildFile; fileRef = 460506151B765B190053EB1C /* WordRead15.mp4 */; };
		460506261B765B190053EB1C /* WordReadIntro.mp4 in Resources */ = {isa = PBXBuildFile; fileRef = 460506161B765B190053EB1C /* WordReadIntro.mp4 */; };
		460506281B765C0A0053EB1C /* WordReadingTaskViewController.swift in Sources */ = {isa = PBXBuildFile; fileRef = 460506271B765C0A0053EB1C /* WordReadingTaskViewController.swift */; };
		4621E2581B6E27D000446739 /* AuthenticationViewController.swift in Sources */ = {isa = PBXBuildFile; fileRef = 4621E2571B6E27D000446739 /* AuthenticationViewController.swift */; };
		4621E25A1B6E2E1600446739 /* BaseUIViewController.swift in Sources */ = {isa = PBXBuildFile; fileRef = 4621E2591B6E2E1600446739 /* BaseUIViewController.swift */; };
		4621E25C1B7030EC00446739 /* key2.plist in Resources */ = {isa = PBXBuildFile; fileRef = 4621E25B1B7030EC00446739 /* key2.plist */; };
		4621E25E1B72A34D00446739 /* AVFoundation.framework in Frameworks */ = {isa = PBXBuildFile; fileRef = 4621E25D1B72A34D00446739 /* AVFoundation.framework */; };
		464B04A11B639F2B000312CC /* SingleRowImageTask.swift in Sources */ = {isa = PBXBuildFile; fileRef = 464B04A01B639F2B000312CC /* SingleRowImageTask.swift */; };
		464B04B01B63BC39000312CC /* Rhyme1.mp4 in Resources */ = {isa = PBXBuildFile; fileRef = 464B04A21B63BC39000312CC /* Rhyme1.mp4 */; };
		464B04B31B63BC39000312CC /* Rhyme4.mp4 in Resources */ = {isa = PBXBuildFile; fileRef = 464B04A51B63BC39000312CC /* Rhyme4.mp4 */; };
		464B04B51B63BC39000312CC /* Rhyme6.mp4 in Resources */ = {isa = PBXBuildFile; fileRef = 464B04A71B63BC39000312CC /* Rhyme6.mp4 */; };
		464B04B71B63BC39000312CC /* Rhyme8.mp4 in Resources */ = {isa = PBXBuildFile; fileRef = 464B04A91B63BC39000312CC /* Rhyme8.mp4 */; };
		464B04B91B63BC39000312CC /* Rhyme10.mp4 in Resources */ = {isa = PBXBuildFile; fileRef = 464B04AB1B63BC39000312CC /* Rhyme10.mp4 */; };
		464B04BB1B63BC39000312CC /* Rhyme12.mp4 in Resources */ = {isa = PBXBuildFile; fileRef = 464B04AD1B63BC39000312CC /* Rhyme12.mp4 */; };
		464B04BD1B63BC39000312CC /* RhymeIntro.mp4 in Resources */ = {isa = PBXBuildFile; fileRef = 464B04AF1B63BC39000312CC /* RhymeIntro.mp4 */; };
		464B04BF1B63F413000312CC /* Queue.swift in Sources */ = {isa = PBXBuildFile; fileRef = 464B04BE1B63F413000312CC /* Queue.swift */; };
		464B04C11B640A2E000312CC /* AudioManager.swift in Sources */ = {isa = PBXBuildFile; fileRef = 464B04C01B640A2E000312CC /* AudioManager.swift */; };
		464B04D11B642783000312CC /* InitialPhoneme1.mp4 in Resources */ = {isa = PBXBuildFile; fileRef = 464B04C21B642783000312CC /* InitialPhoneme1.mp4 */; };
		464B04D21B642783000312CC /* InitialPhoneme2.mp4 in Resources */ = {isa = PBXBuildFile; fileRef = 464B04C31B642783000312CC /* InitialPhoneme2.mp4 */; };
		464B04D31B642783000312CC /* InitialPhoneme3.mp4 in Resources */ = {isa = PBXBuildFile; fileRef = 464B04C41B642783000312CC /* InitialPhoneme3.mp4 */; };
		464B04D41B642783000312CC /* InitialPhoneme4.mp4 in Resources */ = {isa = PBXBuildFile; fileRef = 464B04C51B642783000312CC /* InitialPhoneme4.mp4 */; };
		464B04D51B642783000312CC /* InitialPhoneme5.mp4 in Resources */ = {isa = PBXBuildFile; fileRef = 464B04C61B642783000312CC /* InitialPhoneme5.mp4 */; };
		464B04D71B642783000312CC /* InitialPhoneme7.mp4 in Resources */ = {isa = PBXBuildFile; fileRef = 464B04C81B642783000312CC /* InitialPhoneme7.mp4 */; };
		464B04DB1B642783000312CC /* InitialPhoneme11.mp4 in Resources */ = {isa = PBXBuildFile; fileRef = 464B04CC1B642783000312CC /* InitialPhoneme11.mp4 */; };
		464B04DD1B642783000312CC /* InitialPhoneme13.mp4 in Resources */ = {isa = PBXBuildFile; fileRef = 464B04CE1B642783000312CC /* InitialPhoneme13.mp4 */; };
		464B04DE1B642783000312CC /* InitialPhoneme14.mp4 in Resources */ = {isa = PBXBuildFile; fileRef = 464B04CF1B642783000312CC /* InitialPhoneme14.mp4 */; };
		464B04DF1B642783000312CC /* InitialPhonemeIntro.mp4 in Resources */ = {isa = PBXBuildFile; fileRef = 464B04D01B642783000312CC /* InitialPhonemeIntro.mp4 */; };
		464B04E11B6427A2000312CC /* InitialPhonemeViewController.swift in Sources */ = {isa = PBXBuildFile; fileRef = 464B04E01B6427A2000312CC /* InitialPhonemeViewController.swift */; };
		464B04E31B642D8C000312CC /* InitialPhonemeTask.swift in Sources */ = {isa = PBXBuildFile; fileRef = 464B04E21B642D8C000312CC /* InitialPhonemeTask.swift */; };
		464B04E51B64347B000312CC /* TaskViewController.swift in Sources */ = {isa = PBXBuildFile; fileRef = 464B04E41B64347B000312CC /* TaskViewController.swift */; };
		464B04F51B6ABB18000312CC /* FinalPhoneme1.mp4 in Resources */ = {isa = PBXBuildFile; fileRef = 464B04E61B6ABB18000312CC /* FinalPhoneme1.mp4 */; };
		464B04F61B6ABB18000312CC /* FinalPhoneme2.mp4 in Resources */ = {isa = PBXBuildFile; fileRef = 464B04E71B6ABB18000312CC /* FinalPhoneme2.mp4 */; };
		464B04F71B6ABB18000312CC /* FinalPhoneme3.mp4 in Resources */ = {isa = PBXBuildFile; fileRef = 464B04E81B6ABB18000312CC /* FinalPhoneme3.mp4 */; };
		464B04F81B6ABB18000312CC /* FinalPhoneme4.mp4 in Resources */ = {isa = PBXBuildFile; fileRef = 464B04E91B6ABB18000312CC /* FinalPhoneme4.mp4 */; };
		464B04F91B6ABB18000312CC /* FinalPhoneme5.mp4 in Resources */ = {isa = PBXBuildFile; fileRef = 464B04EA1B6ABB18000312CC /* FinalPhoneme5.mp4 */; };
		464B04FA1B6ABB18000312CC /* FinalPhoneme6.mp4 in Resources */ = {isa = PBXBuildFile; fileRef = 464B04EB1B6ABB18000312CC /* FinalPhoneme6.mp4 */; };
		464B04FB1B6ABB18000312CC /* FinalPhoneme7.mp4 in Resources */ = {isa = PBXBuildFile; fileRef = 464B04EC1B6ABB18000312CC /* FinalPhoneme7.mp4 */; };
		464B04FC1B6ABB18000312CC /* FinalPhoneme8.mp4 in Resources */ = {isa = PBXBuildFile; fileRef = 464B04ED1B6ABB18000312CC /* FinalPhoneme8.mp4 */; };
		464B04FE1B6ABB18000312CC /* FinalPhoneme10.mp4 in Resources */ = {isa = PBXBuildFile; fileRef = 464B04EF1B6ABB18000312CC /* FinalPhoneme10.mp4 */; };
		464B04FF1B6ABB18000312CC /* FinalPhoneme11.mp4 in Resources */ = {isa = PBXBuildFile; fileRef = 464B04F01B6ABB18000312CC /* FinalPhoneme11.mp4 */; };
		464B05001B6ABB18000312CC /* FinalPhoneme12.mp4 in Resources */ = {isa = PBXBuildFile; fileRef = 464B04F11B6ABB18000312CC /* FinalPhoneme12.mp4 */; };
		464B05011B6ABB18000312CC /* FinalPhoneme13.mp4 in Resources */ = {isa = PBXBuildFile; fileRef = 464B04F21B6ABB18000312CC /* FinalPhoneme13.mp4 */; };
		464B05021B6ABB18000312CC /* FinalPhoneme14.mp4 in Resources */ = {isa = PBXBuildFile; fileRef = 464B04F31B6ABB18000312CC /* FinalPhoneme14.mp4 */; };
		464B05031B6ABB18000312CC /* FinalPhonemeIntro.mp4 in Resources */ = {isa = PBXBuildFile; fileRef = 464B04F41B6ABB18000312CC /* FinalPhonemeIntro.mp4 */; };
		464B05051B6ABBEE000312CC /* TaskFactory.swift in Sources */ = {isa = PBXBuildFile; fileRef = 464B05041B6ABBEE000312CC /* TaskFactory.swift */; };
		465742271B616ADD00FE3E58 /* AppDelegate.swift in Sources */ = {isa = PBXBuildFile; fileRef = 465742261B616ADD00FE3E58 /* AppDelegate.swift */; };
		465742291B616ADD00FE3E58 /* ViewController.swift in Sources */ = {isa = PBXBuildFile; fileRef = 465742281B616ADD00FE3E58 /* ViewController.swift */; };
		4657422C1B616ADD00FE3E58 /* Main.storyboard in Resources */ = {isa = PBXBuildFile; fileRef = 4657422A1B616ADD00FE3E58 /* Main.storyboard */; };
		4657422E1B616ADD00FE3E58 /* Images.xcassets in Resources */ = {isa = PBXBuildFile; fileRef = 4657422D1B616ADD00FE3E58 /* Images.xcassets */; };
		465742311B616ADD00FE3E58 /* LaunchScreen.xib in Resources */ = {isa = PBXBuildFile; fileRef = 4657422F1B616ADD00FE3E58 /* LaunchScreen.xib */; };
		4657423D1B616ADE00FE3E58 /* PhonemeTests.swift in Sources */ = {isa = PBXBuildFile; fileRef = 4657423C1B616ADE00FE3E58 /* PhonemeTests.swift */; };
		465742521B6170D000FE3E58 /* CustomImageCell.swift in Sources */ = {isa = PBXBuildFile; fileRef = 465742511B6170D000FE3E58 /* CustomImageCell.swift */; };
		465742551B617B8400FE3E58 /* Fam1.mp4 in Resources */ = {isa = PBXBuildFile; fileRef = 465742491B616CB800FE3E58 /* Fam1.mp4 */; };
		465742561B617B8600FE3E58 /* Fam2.mp4 in Resources */ = {isa = PBXBuildFile; fileRef = 4657424A1B616CB800FE3E58 /* Fam2.mp4 */; };
		465742571B617B8A00FE3E58 /* Fam3.mp4 in Resources */ = {isa = PBXBuildFile; fileRef = 4657424B1B616CB800FE3E58 /* Fam3.mp4 */; };
		465742581B617B8A00FE3E58 /* Fam4.mp4 in Resources */ = {isa = PBXBuildFile; fileRef = 4657424C1B616CB800FE3E58 /* Fam4.mp4 */; };
		465742591B617B8A00FE3E58 /* Fam5.mp4 in Resources */ = {isa = PBXBuildFile; fileRef = 4657424D1B616CB800FE3E58 /* Fam5.mp4 */; };
		4657425A1B617B8A00FE3E58 /* Fam6.mp4 in Resources */ = {isa = PBXBuildFile; fileRef = 4657424E1B616CB800FE3E58 /* Fam6.mp4 */; };
		4657425B1B617B8A00FE3E58 /* Fam7.mp4 in Resources */ = {isa = PBXBuildFile; fileRef = 4657424F1B616CB800FE3E58 /* Fam7.mp4 */; };
		4657425C1B617B8A00FE3E58 /* FamIntro.mp4 in Resources */ = {isa = PBXBuildFile; fileRef = 465742501B616CB800FE3E58 /* FamIntro.mp4 */; };
		465B4F131B7604940001EA66 /* LNRec1.mp4 in Resources */ = {isa = PBXBuildFile; fileRef = 465B4EFA1B7604940001EA66 /* LNRec1.mp4 */; };
		465B4F141B7604940001EA66 /* LNRec2.mp4 in Resources */ = {isa = PBXBuildFile; fileRef = 465B4EFB1B7604940001EA66 /* LNRec2.mp4 */; };
		465B4F151B7604940001EA66 /* LNRec3.mp4 in Resources */ = {isa = PBXBuildFile; fileRef = 465B4EFC1B7604940001EA66 /* LNRec3.mp4 */; };
		465B4F161B7604940001EA66 /* LNRec4.mp4 in Resources */ = {isa = PBXBuildFile; fileRef = 465B4EFD1B7604940001EA66 /* LNRec4.mp4 */; };
		465B4F171B7604940001EA66 /* LNRec5.mp4 in Resources */ = {isa = PBXBuildFile; fileRef = 465B4EFE1B7604940001EA66 /* LNRec5.mp4 */; };
		465B4F181B7604940001EA66 /* LNRec6.mp4 in Resources */ = {isa = PBXBuildFile; fileRef = 465B4EFF1B7604940001EA66 /* LNRec6.mp4 */; };
		465B4F191B7604940001EA66 /* LNRec7.mp4 in Resources */ = {isa = PBXBuildFile; fileRef = 465B4F001B7604940001EA66 /* LNRec7.mp4 */; };
		465B4F1A1B7604940001EA66 /* LNRec8.mp4 in Resources */ = {isa = PBXBuildFile; fileRef = 465B4F011B7604940001EA66 /* LNRec8.mp4 */; };
		465B4F1B1B7604940001EA66 /* LNRec9.mp4 in Resources */ = {isa = PBXBuildFile; fileRef = 465B4F021B7604940001EA66 /* LNRec9.mp4 */; };
		465B4F1C1B7604940001EA66 /* LNRec10.mp4 in Resources */ = {isa = PBXBuildFile; fileRef = 465B4F031B7604940001EA66 /* LNRec10.mp4 */; };
		465B4F1D1B7604940001EA66 /* LNRec11.mp4 in Resources */ = {isa = PBXBuildFile; fileRef = 465B4F041B7604940001EA66 /* LNRec11.mp4 */; };
		465B4F1E1B7604940001EA66 /* LNRec12.mp4 in Resources */ = {isa = PBXBuildFile; fileRef = 465B4F051B7604940001EA66 /* LNRec12.mp4 */; };
		465B4F1F1B7604940001EA66 /* LNRec13.mp4 in Resources */ = {isa = PBXBuildFile; fileRef = 465B4F061B7604940001EA66 /* LNRec13.mp4 */; };
		465B4F201B7604940001EA66 /* LNRec14.mp4 in Resources */ = {isa = PBXBuildFile; fileRef = 465B4F071B7604940001EA66 /* LNRec14.mp4 */; };
		465B4F211B7604940001EA66 /* LNRec15.mp4 in Resources */ = {isa = PBXBuildFile; fileRef = 465B4F081B7604940001EA66 /* LNRec15.mp4 */; };
		465B4F221B7604940001EA66 /* LNRec16.mp4 in Resources */ = {isa = PBXBuildFile; fileRef = 465B4F091B7604940001EA66 /* LNRec16.mp4 */; };
		465B4F231B7604940001EA66 /* LNRec17.mp4 in Resources */ = {isa = PBXBuildFile; fileRef = 465B4F0A1B7604940001EA66 /* LNRec17.mp4 */; };
		465B4F241B7604940001EA66 /* LNRec18.mp4 in Resources */ = {isa = PBXBuildFile; fileRef = 465B4F0B1B7604940001EA66 /* LNRec18.mp4 */; };
		465B4F251B7604940001EA66 /* LNRec20.mp4 in Resources */ = {isa = PBXBuildFile; fileRef = 465B4F0C1B7604940001EA66 /* LNRec20.mp4 */; };
		465B4F261B7604940001EA66 /* LNRec21.mp4 in Resources */ = {isa = PBXBuildFile; fileRef = 465B4F0D1B7604940001EA66 /* LNRec21.mp4 */; };
		465B4F271B7604940001EA66 /* LNRec22.mp4 in Resources */ = {isa = PBXBuildFile; fileRef = 465B4F0E1B7604940001EA66 /* LNRec22.mp4 */; };
		465B4F281B7604940001EA66 /* LNRec23.mp4 in Resources */ = {isa = PBXBuildFile; fileRef = 465B4F0F1B7604940001EA66 /* LNRec23.mp4 */; };
		465B4F291B7604940001EA66 /* LNRec24.mp4 in Resources */ = {isa = PBXBuildFile; fileRef = 465B4F101B7604940001EA66 /* LNRec24.mp4 */; };
		465B4F2A1B7604940001EA66 /* LNRec25.mp4 in Resources */ = {isa = PBXBuildFile; fileRef = 465B4F111B7604940001EA66 /* LNRec25.mp4 */; };
		465B4F2B1B7604940001EA66 /* LNRecIntro.mp4 in Resources */ = {isa = PBXBuildFile; fileRef = 465B4F121B7604940001EA66 /* LNRecIntro.mp4 */; };
		465B4F2D1B7612070001EA66 /* LetterNameRecognitionViewController.swift in Sources */ = {isa = PBXBuildFile; fileRef = 465B4F2C1B7612070001EA66 /* LetterNameRecognitionViewController.swift */; };
		465B4F321B7615460001EA66 /* CustomLetterCell.swift in Sources */ = {isa = PBXBuildFile; fileRef = 465B4F311B7615460001EA66 /* CustomLetterCell.swift */; };
		4672DC8B1B6CBF3900DED51D /* SchoolsDataLayer.swift in Sources */ = {isa = PBXBuildFile; fileRef = 4672DC8A1B6CBF3900DED51D /* SchoolsDataLayer.swift */; };
		46B8B1411B767E9000D74B15 /* FamiliarisationEnding.mp4 in Resources */ = {isa = PBXBuildFile; fileRef = 46B8B1401B767E9000D74B15 /* FamiliarisationEnding.mp4 */; };
		46B8B1431B767F2D00D74B15 /* FinalPhonEnding.mp4 in Resources */ = {isa = PBXBuildFile; fileRef = 46B8B1421B767F2D00D74B15 /* FinalPhonEnding.mp4 */; };
		46B8B1451B767FEF00D74B15 /* FinalPhoneme9.mp4 in Resources */ = {isa = PBXBuildFile; fileRef = 46B8B1441B767FEF00D74B15 /* FinalPhoneme9.mp4 */; };
		46B8B1471B76801300D74B15 /* InitialPhoneme9.mp4 in Resources */ = {isa = PBXBuildFile; fileRef = 46B8B1461B76801300D74B15 /* InitialPhoneme9.mp4 */; };
		46B8B1491B76806500D74B15 /* InitialPhoneme12.mp4 in Resources */ = {isa = PBXBuildFile; fileRef = 46B8B1481B76806500D74B15 /* InitialPhoneme12.mp4 */; };
		46B8B14B1B76809400D74B15 /* InitialPhoneme10.mp4 in Resources */ = {isa = PBXBuildFile; fileRef = 46B8B14A1B76809400D74B15 /* InitialPhoneme10.mp4 */; };
		46B8B14D1B7680A100D74B15 /* InitPhonEnding.mp4 in Resources */ = {isa = PBXBuildFile; fileRef = 46B8B14C1B7680A100D74B15 /* InitPhonEnding.mp4 */; };
		46B8B14F1B7680CE00D74B15 /* InitialPhoneme6.mp4 in Resources */ = {isa = PBXBuildFile; fileRef = 46B8B14E1B7680CE00D74B15 /* InitialPhoneme6.mp4 */; };
		46B8B1511B76810200D74B15 /* InitialPhoneme8.mp4 in Resources */ = {isa = PBXBuildFile; fileRef = 46B8B1501B76810200D74B15 /* InitialPhoneme8.mp4 */; };
		46B8B1571B76812300D74B15 /* Rhyme5.mp4 in Resources */ = {isa = PBXBuildFile; fileRef = 46B8B1521B76812300D74B15 /* Rhyme5.mp4 */; };
		46B8B1581B76812300D74B15 /* Rhyme7.mp4 in Resources */ = {isa = PBXBuildFile; fileRef = 46B8B1531B76812300D74B15 /* Rhyme7.mp4 */; };
		46B8B1591B76812300D74B15 /* Rhyme9.mp4 in Resources */ = {isa = PBXBuildFile; fileRef = 46B8B1541B76812300D74B15 /* Rhyme9.mp4 */; };
		46B8B15A1B76812300D74B15 /* Rhyme11.mp4 in Resources */ = {isa = PBXBuildFile; fileRef = 46B8B1551B76812300D74B15 /* Rhyme11.mp4 */; };
		46B8B15B1B76812300D74B15 /* Rhyme13.mp4 in Resources */ = {isa = PBXBuildFile; fileRef = 46B8B1561B76812300D74B15 /* Rhyme13.mp4 */; };
		46B8B15D1B76814100D74B15 /* RhymeEnding.mp4 in Resources */ = {isa = PBXBuildFile; fileRef = 46B8B15C1B76814100D74B15 /* RhymeEnding.mp4 */; };
		46B8B15F1B76989900D74B15 /* FamiliarisationError.mp4 in Resources */ = {isa = PBXBuildFile; fileRef = 46B8B15E1B76989900D74B15 /* FamiliarisationError.mp4 */; };
		46B8B1661B775D0B00D74B15 /* Comp1.mp4 in Resources */ = {isa = PBXBuildFile; fileRef = 46B8B1601B775D0B00D74B15 /* Comp1.mp4 */; };
		46B8B1671B775D0B00D74B15 /* Comp2.mp4 in Resources */ = {isa = PBXBuildFile; fileRef = 46B8B1611B775D0B00D74B15 /* Comp2.mp4 */; };
		46B8B1681B775D0B00D74B15 /* Comp3.mp4 in Resources */ = {isa = PBXBuildFile; fileRef = 46B8B1621B775D0B00D74B15 /* Comp3.mp4 */; };
		46B8B1691B775D0B00D74B15 /* Comp4.mp4 in Resources */ = {isa = PBXBuildFile; fileRef = 46B8B1631B775D0B00D74B15 /* Comp4.mp4 */; };
		46B8B16A1B775D0B00D74B15 /* Comp5.mp4 in Resources */ = {isa = PBXBuildFile; fileRef = 46B8B1641B775D0B00D74B15 /* Comp5.mp4 */; };
		46B8B16B1B775D0B00D74B15 /* Comp6.mp4 in Resources */ = {isa = PBXBuildFile; fileRef = 46B8B1651B775D0B00D74B15 /* Comp6.mp4 */; };
		46B8B16F1B79012100D74B15 /* DidactGothic.ttf in Resources */ = {isa = PBXBuildFile; fileRef = 46B8B16D1B79012000D74B15 /* DidactGothic.ttf */; };
		46B8B1701B79012100D74B15 /* OFL.txt in Resources */ = {isa = PBXBuildFile; fileRef = 46B8B16E1B79012100D74B15 /* OFL.txt */; };
		46B8B1721B7947EC00D74B15 /* RhymeCatHat.mp4 in Resources */ = {isa = PBXBuildFile; fileRef = 46B8B1711B7947EC00D74B15 /* RhymeCatHat.mp4 */; };
		46B8B1741B79484100D74B15 /* RhymeBoatGoat.mp4 in Resources */ = {isa = PBXBuildFile; fileRef = 46B8B1731B79484100D74B15 /* RhymeBoatGoat.mp4 */; };
		46B8B1791B794A8700D74B15 /* RhymeBall.mp4 in Resources */ = {isa = PBXBuildFile; fileRef = 46B8B1771B794A8700D74B15 /* RhymeBall.mp4 */; };
		46B8B17A1B794A8700D74B15 /* RhymeFishDish.mp4 in Resources */ = {isa = PBXBuildFile; fileRef = 46B8B1781B794A8700D74B15 /* RhymeFishDish.mp4 */; };
		46B8B17D1B794ACF00D74B15 /* RhymeHatBat.mp4 in Resources */ = {isa = PBXBuildFile; fileRef = 46B8B17B1B794ACF00D74B15 /* RhymeHatBat.mp4 */; };
		46B8B17E1B794ACF00D74B15 /* RhymePig.mp4 in Resources */ = {isa = PBXBuildFile; fileRef = 46B8B17C1B794ACF00D74B15 /* RhymePig.mp4 */; };
		46BBAFA11B62D72300B65571 /* TaskItem.swift in Sources */ = {isa = PBXBuildFile; fileRef = 46BBAFA01B62D72300B65571 /* TaskItem.swift */; };
		46BED17C1B6C17D2007E8E15 /* Bolts.framework in Frameworks */ = {isa = PBXBuildFile; fileRef = 46BED1761B6C17D2007E8E15 /* Bolts.framework */; };
		46BED17D1B6C17D2007E8E15 /* Parse.framework in Frameworks */ = {isa = PBXBuildFile; fileRef = 46BED1771B6C17D2007E8E15 /* Parse.framework */; };
		46BED17E1B6C17D2007E8E15 /* ParseCrashReporting.framework in Frameworks */ = {isa = PBXBuildFile; fileRef = 46BED1781B6C17D2007E8E15 /* ParseCrashReporting.framework */; };
		46BED17F1B6C17D2007E8E15 /* ParseFacebookUtils.framework in Frameworks */ = {isa = PBXBuildFile; fileRef = 46BED1791B6C17D2007E8E15 /* ParseFacebookUtils.framework */; };
		46BED1801B6C17D2007E8E15 /* ParseFacebookUtilsV4.framework in Frameworks */ = {isa = PBXBuildFile; fileRef = 46BED17A1B6C17D2007E8E15 /* ParseFacebookUtilsV4.framework */; };
		46BED1811B6C17D2007E8E15 /* ParseUI.framework in Frameworks */ = {isa = PBXBuildFile; fileRef = 46BED17B1B6C17D2007E8E15 /* ParseUI.framework */; };
		46BED1841B6C1855007E8E15 /* AudioToolbox.framework in Frameworks */ = {isa = PBXBuildFile; fileRef = 46BED1831B6C1855007E8E15 /* AudioToolbox.framework */; };
		46BED1861B6C185D007E8E15 /* CFNetwork.framework in Frameworks */ = {isa = PBXBuildFile; fileRef = 46BED1851B6C185D007E8E15 /* CFNetwork.framework */; };
		46BED1881B6C1864007E8E15 /* CoreGraphics.framework in Frameworks */ = {isa = PBXBuildFile; fileRef = 46BED1871B6C1864007E8E15 /* CoreGraphics.framework */; };
		46BED18A1B6C186D007E8E15 /* CoreLocation.framework in Frameworks */ = {isa = PBXBuildFile; fileRef = 46BED1891B6C186C007E8E15 /* CoreLocation.framework */; };
		46BED18C1B6C1874007E8E15 /* QuartzCore.framework in Frameworks */ = {isa = PBXBuildFile; fileRef = 46BED18B1B6C1874007E8E15 /* QuartzCore.framework */; };
		46BED18E1B6C187C007E8E15 /* Security.framework in Frameworks */ = {isa = PBXBuildFile; fileRef = 46BED18D1B6C187C007E8E15 /* Security.framework */; };
		46BED1921B6C188E007E8E15 /* SystemConfiguration.framework in Frameworks */ = {isa = PBXBuildFile; fileRef = 46BED1911B6C188E007E8E15 /* SystemConfiguration.framework */; };
		46BED1941B6C189C007E8E15 /* libz.dylib in Frameworks */ = {isa = PBXBuildFile; fileRef = 46BED1931B6C189C007E8E15 /* libz.dylib */; };
		46BED1961B6C18AD007E8E15 /* libsqlite3.dylib in Frameworks */ = {isa = PBXBuildFile; fileRef = 46BED1951B6C18AD007E8E15 /* libsqlite3.dylib */; };
		46BED19A1B6CBC4A007E8E15 /* DataEntryViewController.swift in Sources */ = {isa = PBXBuildFile; fileRef = 46BED1991B6CBC4A007E8E15 /* DataEntryViewController.swift */; };
		46F154F01B6CD8B600C203F6 /* ClassDataLayer.swift in Sources */ = {isa = PBXBuildFile; fileRef = 46F154EF1B6CD8B600C203F6 /* ClassDataLayer.swift */; };
		46F154F21B6D012C00C203F6 /* StudentDataLayer.swift in Sources */ = {isa = PBXBuildFile; fileRef = 46F154F11B6D012C00C203F6 /* StudentDataLayer.swift */; };
		46F154F41B6D23D200C203F6 /* StudentDataTableViewCell.swift in Sources */ = {isa = PBXBuildFile; fileRef = 46F154F31B6D23D200C203F6 /* StudentDataTableViewCell.swift */; };
		46F154F71B6D5D2000C203F6 /* TaskResult.swift in Sources */ = {isa = PBXBuildFile; fileRef = 46F154F61B6D5D2000C203F6 /* TaskResult.swift */; };
/* End PBXBuildFile section */

/* Begin PBXContainerItemProxy section */
		465742371B616ADE00FE3E58 /* PBXContainerItemProxy */ = {
			isa = PBXContainerItemProxy;
			containerPortal = 465742191B616ADD00FE3E58 /* Project object */;
			proxyType = 1;
			remoteGlobalIDString = 465742201B616ADD00FE3E58;
			remoteInfo = Phoneme;
		};
/* End PBXContainerItemProxy section */

/* Begin PBXFileReference section */
		460505D71B7633960053EB1C /* LSRec1.mp4 */ = {isa = PBXFileReference; lastKnownFileType = file; path = LSRec1.mp4; sourceTree = "<group>"; };
		460505D81B7633960053EB1C /* LSRec2.mp4 */ = {isa = PBXFileReference; lastKnownFileType = file; path = LSRec2.mp4; sourceTree = "<group>"; };
		460505D91B7633960053EB1C /* LSRec3.mp4 */ = {isa = PBXFileReference; lastKnownFileType = file; path = LSRec3.mp4; sourceTree = "<group>"; };
		460505DA1B7633960053EB1C /* LSRec4.mp4 */ = {isa = PBXFileReference; lastKnownFileType = file; path = LSRec4.mp4; sourceTree = "<group>"; };
		460505DB1B7633960053EB1C /* LSRec5.mp4 */ = {isa = PBXFileReference; lastKnownFileType = file; path = LSRec5.mp4; sourceTree = "<group>"; };
		460505DC1B7633960053EB1C /* LSRec6.mp4 */ = {isa = PBXFileReference; lastKnownFileType = file; path = LSRec6.mp4; sourceTree = "<group>"; };
		460505DD1B7633960053EB1C /* LSRec7.mp4 */ = {isa = PBXFileReference; lastKnownFileType = file; path = LSRec7.mp4; sourceTree = "<group>"; };
		460505DE1B7633960053EB1C /* LSRec8.mp4 */ = {isa = PBXFileReference; lastKnownFileType = file; path = LSRec8.mp4; sourceTree = "<group>"; };
		460505DF1B7633960053EB1C /* LSRec9.mp4 */ = {isa = PBXFileReference; lastKnownFileType = file; path = LSRec9.mp4; sourceTree = "<group>"; };
		460505E01B7633960053EB1C /* LSRec10.mp4 */ = {isa = PBXFileReference; lastKnownFileType = file; path = LSRec10.mp4; sourceTree = "<group>"; };
		460505E11B7633960053EB1C /* LSRec11.mp4 */ = {isa = PBXFileReference; lastKnownFileType = file; path = LSRec11.mp4; sourceTree = "<group>"; };
		460505E21B7633960053EB1C /* LSRec12.mp4 */ = {isa = PBXFileReference; lastKnownFileType = file; path = LSRec12.mp4; sourceTree = "<group>"; };
		460505E31B7633960053EB1C /* LSRec13.mp4 */ = {isa = PBXFileReference; lastKnownFileType = file; path = LSRec13.mp4; sourceTree = "<group>"; };
		460505E41B7633960053EB1C /* LSRec14.mp4 */ = {isa = PBXFileReference; lastKnownFileType = file; path = LSRec14.mp4; sourceTree = "<group>"; };
		460505E51B7633960053EB1C /* LSRec15.mp4 */ = {isa = PBXFileReference; lastKnownFileType = file; path = LSRec15.mp4; sourceTree = "<group>"; };
		460505E61B7633960053EB1C /* LSRec16.mp4 */ = {isa = PBXFileReference; lastKnownFileType = file; path = LSRec16.mp4; sourceTree = "<group>"; };
		460505E71B7633960053EB1C /* LSRec17.mp4 */ = {isa = PBXFileReference; lastKnownFileType = file; path = LSRec17.mp4; sourceTree = "<group>"; };
		460505E81B7633960053EB1C /* LSRec18.mp4 */ = {isa = PBXFileReference; lastKnownFileType = file; path = LSRec18.mp4; sourceTree = "<group>"; };
		460505E91B7633960053EB1C /* LSRec19.mp4 */ = {isa = PBXFileReference; lastKnownFileType = file; path = LSRec19.mp4; sourceTree = "<group>"; };
		460505EA1B7633960053EB1C /* LSRec20.mp4 */ = {isa = PBXFileReference; lastKnownFileType = file; path = LSRec20.mp4; sourceTree = "<group>"; };
		460505EB1B7633960053EB1C /* LSRec21.mp4 */ = {isa = PBXFileReference; lastKnownFileType = file; path = LSRec21.mp4; sourceTree = "<group>"; };
		460505EC1B7633960053EB1C /* LSRec22.mp4 */ = {isa = PBXFileReference; lastKnownFileType = file; path = LSRec22.mp4; sourceTree = "<group>"; };
		460505ED1B7633960053EB1C /* LSRec23.mp4 */ = {isa = PBXFileReference; lastKnownFileType = file; path = LSRec23.mp4; sourceTree = "<group>"; };
		460505EE1B7633960053EB1C /* LSRecIntro.mp4 */ = {isa = PBXFileReference; lastKnownFileType = file; path = LSRecIntro.mp4; sourceTree = "<group>"; };
		460506071B765B180053EB1C /* WordRead1.mp4 */ = {isa = PBXFileReference; lastKnownFileType = file; path = WordRead1.mp4; sourceTree = "<group>"; };
		460506081B765B180053EB1C /* WordRead2.mp4 */ = {isa = PBXFileReference; lastKnownFileType = file; path = WordRead2.mp4; sourceTree = "<group>"; };
		460506091B765B180053EB1C /* WordRead3.mp4 */ = {isa = PBXFileReference; lastKnownFileType = file; path = WordRead3.mp4; sourceTree = "<group>"; };
		4605060A1B765B180053EB1C /* WordRead4.mp4 */ = {isa = PBXFileReference; lastKnownFileType = file; path = WordRead4.mp4; sourceTree = "<group>"; };
		4605060B1B765B180053EB1C /* WordRead5.mp4 */ = {isa = PBXFileReference; lastKnownFileType = file; path = WordRead5.mp4; sourceTree = "<group>"; };
		4605060C1B765B180053EB1C /* WordRead6.mp4 */ = {isa = PBXFileReference; lastKnownFileType = file; path = WordRead6.mp4; sourceTree = "<group>"; };
		4605060D1B765B180053EB1C /* WordRead7.mp4 */ = {isa = PBXFileReference; lastKnownFileType = file; path = WordRead7.mp4; sourceTree = "<group>"; };
		4605060E1B765B180053EB1C /* WordRead8.mp4 */ = {isa = PBXFileReference; lastKnownFileType = file; path = WordRead8.mp4; sourceTree = "<group>"; };
		4605060F1B765B180053EB1C /* WordRead9.mp4 */ = {isa = PBXFileReference; lastKnownFileType = file; path = WordRead9.mp4; sourceTree = "<group>"; };
		460506101B765B180053EB1C /* WordRead10.mp4 */ = {isa = PBXFileReference; lastKnownFileType = file; path = WordRead10.mp4; sourceTree = "<group>"; };
		460506111B765B180053EB1C /* WordRead11.mp4 */ = {isa = PBXFileReference; lastKnownFileType = file; path = WordRead11.mp4; sourceTree = "<group>"; };
		460506121B765B180053EB1C /* WordRead12.mp4 */ = {isa = PBXFileReference; lastKnownFileType = file; path = WordRead12.mp4; sourceTree = "<group>"; };
		460506131B765B180053EB1C /* WordRead13.mp4 */ = {isa = PBXFileReference; lastKnownFileType = file; path = WordRead13.mp4; sourceTree = "<group>"; };
		460506141B765B180053EB1C /* WordRead14.mp4 */ = {isa = PBXFileReference; lastKnownFileType = file; path = WordRead14.mp4; sourceTree = "<group>"; };
		460506151B765B190053EB1C /* WordRead15.mp4 */ = {isa = PBXFileReference; lastKnownFileType = file; path = WordRead15.mp4; sourceTree = "<group>"; };
		460506161B765B190053EB1C /* WordReadIntro.mp4 */ = {isa = PBXFileReference; lastKnownFileType = file; path = WordReadIntro.mp4; sourceTree = "<group>"; };
		460506271B765C0A0053EB1C /* WordReadingTaskViewController.swift */ = {isa = PBXFileReference; fileEncoding = 4; lastKnownFileType = sourcecode.swift; path = WordReadingTaskViewController.swift; sourceTree = "<group>"; };
		4621E2571B6E27D000446739 /* AuthenticationViewController.swift */ = {isa = PBXFileReference; fileEncoding = 4; lastKnownFileType = sourcecode.swift; path = AuthenticationViewController.swift; sourceTree = "<group>"; };
		4621E2591B6E2E1600446739 /* BaseUIViewController.swift */ = {isa = PBXFileReference; fileEncoding = 4; lastKnownFileType = sourcecode.swift; path = BaseUIViewController.swift; sourceTree = "<group>"; };
		4621E25B1B7030EC00446739 /* key2.plist */ = {isa = PBXFileReference; fileEncoding = 4; lastKnownFileType = text.plist.xml; path = key2.plist; sourceTree = "<group>"; };
		4621E25D1B72A34D00446739 /* AVFoundation.framework */ = {isa = PBXFileReference; lastKnownFileType = wrapper.framework; name = AVFoundation.framework; path = System/Library/Frameworks/AVFoundation.framework; sourceTree = SDKROOT; };
		464B04A01B639F2B000312CC /* SingleRowImageTask.swift */ = {isa = PBXFileReference; fileEncoding = 4; lastKnownFileType = sourcecode.swift; path = SingleRowImageTask.swift; sourceTree = "<group>"; };
		464B04A21B63BC39000312CC /* Rhyme1.mp4 */ = {isa = PBXFileReference; lastKnownFileType = file; path = Rhyme1.mp4; sourceTree = "<group>"; };
		464B04A51B63BC39000312CC /* Rhyme4.mp4 */ = {isa = PBXFileReference; lastKnownFileType = file; path = Rhyme4.mp4; sourceTree = "<group>"; };
		464B04A71B63BC39000312CC /* Rhyme6.mp4 */ = {isa = PBXFileReference; lastKnownFileType = file; path = Rhyme6.mp4; sourceTree = "<group>"; };
		464B04A91B63BC39000312CC /* Rhyme8.mp4 */ = {isa = PBXFileReference; lastKnownFileType = file; path = Rhyme8.mp4; sourceTree = "<group>"; };
		464B04AB1B63BC39000312CC /* Rhyme10.mp4 */ = {isa = PBXFileReference; lastKnownFileType = file; path = Rhyme10.mp4; sourceTree = "<group>"; };
		464B04AD1B63BC39000312CC /* Rhyme12.mp4 */ = {isa = PBXFileReference; lastKnownFileType = file; path = Rhyme12.mp4; sourceTree = "<group>"; };
		464B04AF1B63BC39000312CC /* RhymeIntro.mp4 */ = {isa = PBXFileReference; lastKnownFileType = file; path = RhymeIntro.mp4; sourceTree = "<group>"; };
		464B04BE1B63F413000312CC /* Queue.swift */ = {isa = PBXFileReference; fileEncoding = 4; lastKnownFileType = sourcecode.swift; path = Queue.swift; sourceTree = "<group>"; };
		464B04C01B640A2E000312CC /* AudioManager.swift */ = {isa = PBXFileReference; fileEncoding = 4; lastKnownFileType = sourcecode.swift; path = AudioManager.swift; sourceTree = "<group>"; };
		464B04C21B642783000312CC /* InitialPhoneme1.mp4 */ = {isa = PBXFileReference; lastKnownFileType = file; path = InitialPhoneme1.mp4; sourceTree = "<group>"; };
		464B04C31B642783000312CC /* InitialPhoneme2.mp4 */ = {isa = PBXFileReference; lastKnownFileType = file; path = InitialPhoneme2.mp4; sourceTree = "<group>"; };
		464B04C41B642783000312CC /* InitialPhoneme3.mp4 */ = {isa = PBXFileReference; lastKnownFileType = file; path = InitialPhoneme3.mp4; sourceTree = "<group>"; };
		464B04C51B642783000312CC /* InitialPhoneme4.mp4 */ = {isa = PBXFileReference; lastKnownFileType = file; path = InitialPhoneme4.mp4; sourceTree = "<group>"; };
		464B04C61B642783000312CC /* InitialPhoneme5.mp4 */ = {isa = PBXFileReference; lastKnownFileType = file; path = InitialPhoneme5.mp4; sourceTree = "<group>"; };
		464B04C81B642783000312CC /* InitialPhoneme7.mp4 */ = {isa = PBXFileReference; lastKnownFileType = file; path = InitialPhoneme7.mp4; sourceTree = "<group>"; };
		464B04CC1B642783000312CC /* InitialPhoneme11.mp4 */ = {isa = PBXFileReference; lastKnownFileType = file; path = InitialPhoneme11.mp4; sourceTree = "<group>"; };
		464B04CE1B642783000312CC /* InitialPhoneme13.mp4 */ = {isa = PBXFileReference; lastKnownFileType = file; path = InitialPhoneme13.mp4; sourceTree = "<group>"; };
		464B04CF1B642783000312CC /* InitialPhoneme14.mp4 */ = {isa = PBXFileReference; lastKnownFileType = file; path = InitialPhoneme14.mp4; sourceTree = "<group>"; };
		464B04D01B642783000312CC /* InitialPhonemeIntro.mp4 */ = {isa = PBXFileReference; lastKnownFileType = file; path = InitialPhonemeIntro.mp4; sourceTree = "<group>"; };
		464B04E01B6427A2000312CC /* InitialPhonemeViewController.swift */ = {isa = PBXFileReference; fileEncoding = 4; lastKnownFileType = sourcecode.swift; path = InitialPhonemeViewController.swift; sourceTree = "<group>"; };
		464B04E21B642D8C000312CC /* InitialPhonemeTask.swift */ = {isa = PBXFileReference; fileEncoding = 4; lastKnownFileType = sourcecode.swift; path = InitialPhonemeTask.swift; sourceTree = "<group>"; };
		464B04E41B64347B000312CC /* TaskViewController.swift */ = {isa = PBXFileReference; fileEncoding = 4; lastKnownFileType = sourcecode.swift; path = TaskViewController.swift; sourceTree = "<group>"; };
		464B04E61B6ABB18000312CC /* FinalPhoneme1.mp4 */ = {isa = PBXFileReference; lastKnownFileType = file; path = FinalPhoneme1.mp4; sourceTree = "<group>"; };
		464B04E71B6ABB18000312CC /* FinalPhoneme2.mp4 */ = {isa = PBXFileReference; lastKnownFileType = file; path = FinalPhoneme2.mp4; sourceTree = "<group>"; };
		464B04E81B6ABB18000312CC /* FinalPhoneme3.mp4 */ = {isa = PBXFileReference; lastKnownFileType = file; path = FinalPhoneme3.mp4; sourceTree = "<group>"; };
		464B04E91B6ABB18000312CC /* FinalPhoneme4.mp4 */ = {isa = PBXFileReference; lastKnownFileType = file; path = FinalPhoneme4.mp4; sourceTree = "<group>"; };
		464B04EA1B6ABB18000312CC /* FinalPhoneme5.mp4 */ = {isa = PBXFileReference; lastKnownFileType = file; path = FinalPhoneme5.mp4; sourceTree = "<group>"; };
		464B04EB1B6ABB18000312CC /* FinalPhoneme6.mp4 */ = {isa = PBXFileReference; lastKnownFileType = file; path = FinalPhoneme6.mp4; sourceTree = "<group>"; };
		464B04EC1B6ABB18000312CC /* FinalPhoneme7.mp4 */ = {isa = PBXFileReference; lastKnownFileType = file; path = FinalPhoneme7.mp4; sourceTree = "<group>"; };
		464B04ED1B6ABB18000312CC /* FinalPhoneme8.mp4 */ = {isa = PBXFileReference; lastKnownFileType = file; path = FinalPhoneme8.mp4; sourceTree = "<group>"; };
		464B04EF1B6ABB18000312CC /* FinalPhoneme10.mp4 */ = {isa = PBXFileReference; lastKnownFileType = file; path = FinalPhoneme10.mp4; sourceTree = "<group>"; };
		464B04F01B6ABB18000312CC /* FinalPhoneme11.mp4 */ = {isa = PBXFileReference; lastKnownFileType = file; path = FinalPhoneme11.mp4; sourceTree = "<group>"; };
		464B04F11B6ABB18000312CC /* FinalPhoneme12.mp4 */ = {isa = PBXFileReference; lastKnownFileType = file; path = FinalPhoneme12.mp4; sourceTree = "<group>"; };
		464B04F21B6ABB18000312CC /* FinalPhoneme13.mp4 */ = {isa = PBXFileReference; lastKnownFileType = file; path = FinalPhoneme13.mp4; sourceTree = "<group>"; };
		464B04F31B6ABB18000312CC /* FinalPhoneme14.mp4 */ = {isa = PBXFileReference; lastKnownFileType = file; path = FinalPhoneme14.mp4; sourceTree = "<group>"; };
		464B04F41B6ABB18000312CC /* FinalPhonemeIntro.mp4 */ = {isa = PBXFileReference; lastKnownFileType = file; path = FinalPhonemeIntro.mp4; sourceTree = "<group>"; };
		464B05041B6ABBEE000312CC /* TaskFactory.swift */ = {isa = PBXFileReference; fileEncoding = 4; lastKnownFileType = sourcecode.swift; path = TaskFactory.swift; sourceTree = "<group>"; };
		465742211B616ADD00FE3E58 /* Phoneme.app */ = {isa = PBXFileReference; explicitFileType = wrapper.application; includeInIndex = 0; path = Phoneme.app; sourceTree = BUILT_PRODUCTS_DIR; };
		465742251B616ADD00FE3E58 /* Info.plist */ = {isa = PBXFileReference; lastKnownFileType = text.plist.xml; path = Info.plist; sourceTree = "<group>"; };
		465742261B616ADD00FE3E58 /* AppDelegate.swift */ = {isa = PBXFileReference; lastKnownFileType = sourcecode.swift; path = AppDelegate.swift; sourceTree = "<group>"; };
		465742281B616ADD00FE3E58 /* ViewController.swift */ = {isa = PBXFileReference; lastKnownFileType = sourcecode.swift; path = ViewController.swift; sourceTree = "<group>"; };
		4657422B1B616ADD00FE3E58 /* Base */ = {isa = PBXFileReference; lastKnownFileType = file.storyboard; name = Base; path = Base.lproj/Main.storyboard; sourceTree = "<group>"; };
		4657422D1B616ADD00FE3E58 /* Images.xcassets */ = {isa = PBXFileReference; lastKnownFileType = folder.assetcatalog; path = Images.xcassets; sourceTree = "<group>"; };
		465742301B616ADD00FE3E58 /* Base */ = {isa = PBXFileReference; lastKnownFileType = file.xib; name = Base; path = Base.lproj/LaunchScreen.xib; sourceTree = "<group>"; };
		465742361B616ADE00FE3E58 /* PhonemeTests.xctest */ = {isa = PBXFileReference; explicitFileType = wrapper.cfbundle; includeInIndex = 0; path = PhonemeTests.xctest; sourceTree = BUILT_PRODUCTS_DIR; };
		4657423B1B616ADE00FE3E58 /* Info.plist */ = {isa = PBXFileReference; lastKnownFileType = text.plist.xml; path = Info.plist; sourceTree = "<group>"; };
		4657423C1B616ADE00FE3E58 /* PhonemeTests.swift */ = {isa = PBXFileReference; lastKnownFileType = sourcecode.swift; path = PhonemeTests.swift; sourceTree = "<group>"; };
		465742491B616CB800FE3E58 /* Fam1.mp4 */ = {isa = PBXFileReference; lastKnownFileType = file; path = Fam1.mp4; sourceTree = "<group>"; };
		4657424A1B616CB800FE3E58 /* Fam2.mp4 */ = {isa = PBXFileReference; lastKnownFileType = file; path = Fam2.mp4; sourceTree = "<group>"; };
		4657424B1B616CB800FE3E58 /* Fam3.mp4 */ = {isa = PBXFileReference; lastKnownFileType = file; path = Fam3.mp4; sourceTree = "<group>"; };
		4657424C1B616CB800FE3E58 /* Fam4.mp4 */ = {isa = PBXFileReference; lastKnownFileType = file; path = Fam4.mp4; sourceTree = "<group>"; };
		4657424D1B616CB800FE3E58 /* Fam5.mp4 */ = {isa = PBXFileReference; lastKnownFileType = file; path = Fam5.mp4; sourceTree = "<group>"; };
		4657424E1B616CB800FE3E58 /* Fam6.mp4 */ = {isa = PBXFileReference; lastKnownFileType = file; path = Fam6.mp4; sourceTree = "<group>"; };
		4657424F1B616CB800FE3E58 /* Fam7.mp4 */ = {isa = PBXFileReference; lastKnownFileType = file; path = Fam7.mp4; sourceTree = "<group>"; };
		465742501B616CB800FE3E58 /* FamIntro.mp4 */ = {isa = PBXFileReference; lastKnownFileType = file; path = FamIntro.mp4; sourceTree = "<group>"; };
		465742511B6170D000FE3E58 /* CustomImageCell.swift */ = {isa = PBXFileReference; fileEncoding = 4; lastKnownFileType = sourcecode.swift; path = CustomImageCell.swift; sourceTree = "<group>"; };
		465B4EFA1B7604940001EA66 /* LNRec1.mp4 */ = {isa = PBXFileReference; lastKnownFileType = file; path = LNRec1.mp4; sourceTree = "<group>"; };
		465B4EFB1B7604940001EA66 /* LNRec2.mp4 */ = {isa = PBXFileReference; lastKnownFileType = file; path = LNRec2.mp4; sourceTree = "<group>"; };
		465B4EFC1B7604940001EA66 /* LNRec3.mp4 */ = {isa = PBXFileReference; lastKnownFileType = file; path = LNRec3.mp4; sourceTree = "<group>"; };
		465B4EFD1B7604940001EA66 /* LNRec4.mp4 */ = {isa = PBXFileReference; lastKnownFileType = file; path = LNRec4.mp4; sourceTree = "<group>"; };
		465B4EFE1B7604940001EA66 /* LNRec5.mp4 */ = {isa = PBXFileReference; lastKnownFileType = file; path = LNRec5.mp4; sourceTree = "<group>"; };
		465B4EFF1B7604940001EA66 /* LNRec6.mp4 */ = {isa = PBXFileReference; lastKnownFileType = file; path = LNRec6.mp4; sourceTree = "<group>"; };
		465B4F001B7604940001EA66 /* LNRec7.mp4 */ = {isa = PBXFileReference; lastKnownFileType = file; path = LNRec7.mp4; sourceTree = "<group>"; };
		465B4F011B7604940001EA66 /* LNRec8.mp4 */ = {isa = PBXFileReference; lastKnownFileType = file; path = LNRec8.mp4; sourceTree = "<group>"; };
		465B4F021B7604940001EA66 /* LNRec9.mp4 */ = {isa = PBXFileReference; lastKnownFileType = file; path = LNRec9.mp4; sourceTree = "<group>"; };
		465B4F031B7604940001EA66 /* LNRec10.mp4 */ = {isa = PBXFileReference; lastKnownFileType = file; path = LNRec10.mp4; sourceTree = "<group>"; };
		465B4F041B7604940001EA66 /* LNRec11.mp4 */ = {isa = PBXFileReference; lastKnownFileType = file; path = LNRec11.mp4; sourceTree = "<group>"; };
		465B4F051B7604940001EA66 /* LNRec12.mp4 */ = {isa = PBXFileReference; lastKnownFileType = file; path = LNRec12.mp4; sourceTree = "<group>"; };
		465B4F061B7604940001EA66 /* LNRec13.mp4 */ = {isa = PBXFileReference; lastKnownFileType = file; path = LNRec13.mp4; sourceTree = "<group>"; };
		465B4F071B7604940001EA66 /* LNRec14.mp4 */ = {isa = PBXFileReference; lastKnownFileType = file; path = LNRec14.mp4; sourceTree = "<group>"; };
		465B4F081B7604940001EA66 /* LNRec15.mp4 */ = {isa = PBXFileReference; lastKnownFileType = file; path = LNRec15.mp4; sourceTree = "<group>"; };
		465B4F091B7604940001EA66 /* LNRec16.mp4 */ = {isa = PBXFileReference; lastKnownFileType = file; path = LNRec16.mp4; sourceTree = "<group>"; };
		465B4F0A1B7604940001EA66 /* LNRec17.mp4 */ = {isa = PBXFileReference; lastKnownFileType = file; path = LNRec17.mp4; sourceTree = "<group>"; };
		465B4F0B1B7604940001EA66 /* LNRec18.mp4 */ = {isa = PBXFileReference; lastKnownFileType = file; path = LNRec18.mp4; sourceTree = "<group>"; };
		465B4F0C1B7604940001EA66 /* LNRec20.mp4 */ = {isa = PBXFileReference; lastKnownFileType = file; path = LNRec20.mp4; sourceTree = "<group>"; };
		465B4F0D1B7604940001EA66 /* LNRec21.mp4 */ = {isa = PBXFileReference; lastKnownFileType = file; path = LNRec21.mp4; sourceTree = "<group>"; };
		465B4F0E1B7604940001EA66 /* LNRec22.mp4 */ = {isa = PBXFileReference; lastKnownFileType = file; path = LNRec22.mp4; sourceTree = "<group>"; };
		465B4F0F1B7604940001EA66 /* LNRec23.mp4 */ = {isa = PBXFileReference; lastKnownFileType = file; path = LNRec23.mp4; sourceTree = "<group>"; };
		465B4F101B7604940001EA66 /* LNRec24.mp4 */ = {isa = PBXFileReference; lastKnownFileType = file; path = LNRec24.mp4; sourceTree = "<group>"; };
		465B4F111B7604940001EA66 /* LNRec25.mp4 */ = {isa = PBXFileReference; lastKnownFileType = file; path = LNRec25.mp4; sourceTree = "<group>"; };
		465B4F121B7604940001EA66 /* LNRecIntro.mp4 */ = {isa = PBXFileReference; lastKnownFileType = file; path = LNRecIntro.mp4; sourceTree = "<group>"; };
		465B4F2C1B7612070001EA66 /* LetterNameRecognitionViewController.swift */ = {isa = PBXFileReference; fileEncoding = 4; lastKnownFileType = sourcecode.swift; path = LetterNameRecognitionViewController.swift; sourceTree = "<group>"; };
		465B4F311B7615460001EA66 /* CustomLetterCell.swift */ = {isa = PBXFileReference; fileEncoding = 4; lastKnownFileType = sourcecode.swift; path = CustomLetterCell.swift; sourceTree = "<group>"; };
		4672DC8A1B6CBF3900DED51D /* SchoolsDataLayer.swift */ = {isa = PBXFileReference; fileEncoding = 4; lastKnownFileType = sourcecode.swift; path = SchoolsDataLayer.swift; sourceTree = "<group>"; };
		46B8B1401B767E9000D74B15 /* FamiliarisationEnding.mp4 */ = {isa = PBXFileReference; lastKnownFileType = file; path = FamiliarisationEnding.mp4; sourceTree = "<group>"; };
		46B8B1421B767F2D00D74B15 /* FinalPhonEnding.mp4 */ = {isa = PBXFileReference; lastKnownFileType = file; path = FinalPhonEnding.mp4; sourceTree = "<group>"; };
		46B8B1441B767FEF00D74B15 /* FinalPhoneme9.mp4 */ = {isa = PBXFileReference; lastKnownFileType = file; path = FinalPhoneme9.mp4; sourceTree = "<group>"; };
		46B8B1461B76801300D74B15 /* InitialPhoneme9.mp4 */ = {isa = PBXFileReference; lastKnownFileType = file; path = InitialPhoneme9.mp4; sourceTree = "<group>"; };
		46B8B1481B76806500D74B15 /* InitialPhoneme12.mp4 */ = {isa = PBXFileReference; lastKnownFileType = file; path = InitialPhoneme12.mp4; sourceTree = "<group>"; };
		46B8B14A1B76809400D74B15 /* InitialPhoneme10.mp4 */ = {isa = PBXFileReference; lastKnownFileType = file; path = InitialPhoneme10.mp4; sourceTree = "<group>"; };
		46B8B14C1B7680A100D74B15 /* InitPhonEnding.mp4 */ = {isa = PBXFileReference; lastKnownFileType = file; path = InitPhonEnding.mp4; sourceTree = "<group>"; };
		46B8B14E1B7680CE00D74B15 /* InitialPhoneme6.mp4 */ = {isa = PBXFileReference; lastKnownFileType = file; path = InitialPhoneme6.mp4; sourceTree = "<group>"; };
		46B8B1501B76810200D74B15 /* InitialPhoneme8.mp4 */ = {isa = PBXFileReference; lastKnownFileType = file; path = InitialPhoneme8.mp4; sourceTree = "<group>"; };
		46B8B1521B76812300D74B15 /* Rhyme5.mp4 */ = {isa = PBXFileReference; lastKnownFileType = file; path = Rhyme5.mp4; sourceTree = "<group>"; };
		46B8B1531B76812300D74B15 /* Rhyme7.mp4 */ = {isa = PBXFileReference; lastKnownFileType = file; path = Rhyme7.mp4; sourceTree = "<group>"; };
		46B8B1541B76812300D74B15 /* Rhyme9.mp4 */ = {isa = PBXFileReference; lastKnownFileType = file; path = Rhyme9.mp4; sourceTree = "<group>"; };
		46B8B1551B76812300D74B15 /* Rhyme11.mp4 */ = {isa = PBXFileReference; lastKnownFileType = file; path = Rhyme11.mp4; sourceTree = "<group>"; };
		46B8B1561B76812300D74B15 /* Rhyme13.mp4 */ = {isa = PBXFileReference; lastKnownFileType = file; path = Rhyme13.mp4; sourceTree = "<group>"; };
		46B8B15C1B76814100D74B15 /* RhymeEnding.mp4 */ = {isa = PBXFileReference; lastKnownFileType = file; path = RhymeEnding.mp4; sourceTree = "<group>"; };
		46B8B15E1B76989900D74B15 /* FamiliarisationError.mp4 */ = {isa = PBXFileReference; lastKnownFileType = file; path = FamiliarisationError.mp4; sourceTree = "<group>"; };
		46B8B1601B775D0B00D74B15 /* Comp1.mp4 */ = {isa = PBXFileReference; lastKnownFileType = file; path = Comp1.mp4; sourceTree = "<group>"; };
		46B8B1611B775D0B00D74B15 /* Comp2.mp4 */ = {isa = PBXFileReference; lastKnownFileType = file; path = Comp2.mp4; sourceTree = "<group>"; };
		46B8B1621B775D0B00D74B15 /* Comp3.mp4 */ = {isa = PBXFileReference; lastKnownFileType = file; path = Comp3.mp4; sourceTree = "<group>"; };
		46B8B1631B775D0B00D74B15 /* Comp4.mp4 */ = {isa = PBXFileReference; lastKnownFileType = file; path = Comp4.mp4; sourceTree = "<group>"; };
		46B8B1641B775D0B00D74B15 /* Comp5.mp4 */ = {isa = PBXFileReference; lastKnownFileType = file; path = Comp5.mp4; sourceTree = "<group>"; };
		46B8B1651B775D0B00D74B15 /* Comp6.mp4 */ = {isa = PBXFileReference; lastKnownFileType = file; path = Comp6.mp4; sourceTree = "<group>"; };
		46B8B16D1B79012000D74B15 /* DidactGothic.ttf */ = {isa = PBXFileReference; lastKnownFileType = file; path = DidactGothic.ttf; sourceTree = "<group>"; };
		46B8B16E1B79012100D74B15 /* OFL.txt */ = {isa = PBXFileReference; fileEncoding = 4; lastKnownFileType = text; path = OFL.txt; sourceTree = "<group>"; };
		46B8B1711B7947EC00D74B15 /* RhymeCatHat.mp4 */ = {isa = PBXFileReference; lastKnownFileType = file; path = RhymeCatHat.mp4; sourceTree = "<group>"; };
		46B8B1731B79484100D74B15 /* RhymeBoatGoat.mp4 */ = {isa = PBXFileReference; lastKnownFileType = file; path = RhymeBoatGoat.mp4; sourceTree = "<group>"; };
		46B8B1771B794A8700D74B15 /* RhymeBall.mp4 */ = {isa = PBXFileReference; lastKnownFileType = file; path = RhymeBall.mp4; sourceTree = "<group>"; };
		46B8B1781B794A8700D74B15 /* RhymeFishDish.mp4 */ = {isa = PBXFileReference; lastKnownFileType = file; path = RhymeFishDish.mp4; sourceTree = "<group>"; };
		46B8B17B1B794ACF00D74B15 /* RhymeHatBat.mp4 */ = {isa = PBXFileReference; lastKnownFileType = file; path = RhymeHatBat.mp4; sourceTree = "<group>"; };
		46B8B17C1B794ACF00D74B15 /* RhymePig.mp4 */ = {isa = PBXFileReference; lastKnownFileType = file; path = RhymePig.mp4; sourceTree = "<group>"; };
		46BBAFA01B62D72300B65571 /* TaskItem.swift */ = {isa = PBXFileReference; fileEncoding = 4; lastKnownFileType = sourcecode.swift; path = TaskItem.swift; sourceTree = "<group>"; };
		46BED1761B6C17D2007E8E15 /* Bolts.framework */ = {isa = PBXFileReference; lastKnownFileType = wrapper.framework; name = Bolts.framework; path = Audio/Bolts.framework; sourceTree = "<group>"; };
		46BED1771B6C17D2007E8E15 /* Parse.framework */ = {isa = PBXFileReference; lastKnownFileType = wrapper.framework; name = Parse.framework; path = Audio/Parse.framework; sourceTree = "<group>"; };
		46BED1781B6C17D2007E8E15 /* ParseCrashReporting.framework */ = {isa = PBXFileReference; lastKnownFileType = wrapper.framework; name = ParseCrashReporting.framework; path = Audio/ParseCrashReporting.framework; sourceTree = "<group>"; };
		46BED1791B6C17D2007E8E15 /* ParseFacebookUtils.framework */ = {isa = PBXFileReference; lastKnownFileType = wrapper.framework; name = ParseFacebookUtils.framework; path = Audio/ParseFacebookUtils.framework; sourceTree = "<group>"; };
		46BED17A1B6C17D2007E8E15 /* ParseFacebookUtilsV4.framework */ = {isa = PBXFileReference; lastKnownFileType = wrapper.framework; name = ParseFacebookUtilsV4.framework; path = Audio/ParseFacebookUtilsV4.framework; sourceTree = "<group>"; };
		46BED17B1B6C17D2007E8E15 /* ParseUI.framework */ = {isa = PBXFileReference; lastKnownFileType = wrapper.framework; name = ParseUI.framework; path = Audio/ParseUI.framework; sourceTree = "<group>"; };
		46BED1831B6C1855007E8E15 /* AudioToolbox.framework */ = {isa = PBXFileReference; lastKnownFileType = wrapper.framework; name = AudioToolbox.framework; path = System/Library/Frameworks/AudioToolbox.framework; sourceTree = SDKROOT; };
		46BED1851B6C185D007E8E15 /* CFNetwork.framework */ = {isa = PBXFileReference; lastKnownFileType = wrapper.framework; name = CFNetwork.framework; path = System/Library/Frameworks/CFNetwork.framework; sourceTree = SDKROOT; };
		46BED1871B6C1864007E8E15 /* CoreGraphics.framework */ = {isa = PBXFileReference; lastKnownFileType = wrapper.framework; name = CoreGraphics.framework; path = System/Library/Frameworks/CoreGraphics.framework; sourceTree = SDKROOT; };
		46BED1891B6C186C007E8E15 /* CoreLocation.framework */ = {isa = PBXFileReference; lastKnownFileType = wrapper.framework; name = CoreLocation.framework; path = System/Library/Frameworks/CoreLocation.framework; sourceTree = SDKROOT; };
		46BED18B1B6C1874007E8E15 /* QuartzCore.framework */ = {isa = PBXFileReference; lastKnownFileType = wrapper.framework; name = QuartzCore.framework; path = System/Library/Frameworks/QuartzCore.framework; sourceTree = SDKROOT; };
		46BED18D1B6C187C007E8E15 /* Security.framework */ = {isa = PBXFileReference; lastKnownFileType = wrapper.framework; name = Security.framework; path = System/Library/Frameworks/Security.framework; sourceTree = SDKROOT; };
		46BED1911B6C188E007E8E15 /* SystemConfiguration.framework */ = {isa = PBXFileReference; lastKnownFileType = wrapper.framework; name = SystemConfiguration.framework; path = System/Library/Frameworks/SystemConfiguration.framework; sourceTree = SDKROOT; };
		46BED1931B6C189C007E8E15 /* libz.dylib */ = {isa = PBXFileReference; lastKnownFileType = "compiled.mach-o.dylib"; name = libz.dylib; path = usr/lib/libz.dylib; sourceTree = SDKROOT; };
		46BED1951B6C18AD007E8E15 /* libsqlite3.dylib */ = {isa = PBXFileReference; lastKnownFileType = "compiled.mach-o.dylib"; name = libsqlite3.dylib; path = usr/lib/libsqlite3.dylib; sourceTree = SDKROOT; };
		46BED1991B6CBC4A007E8E15 /* DataEntryViewController.swift */ = {isa = PBXFileReference; fileEncoding = 4; lastKnownFileType = sourcecode.swift; path = DataEntryViewController.swift; sourceTree = "<group>"; };
		46F154EF1B6CD8B600C203F6 /* ClassDataLayer.swift */ = {isa = PBXFileReference; fileEncoding = 4; lastKnownFileType = sourcecode.swift; path = ClassDataLayer.swift; sourceTree = "<group>"; };
		46F154F11B6D012C00C203F6 /* StudentDataLayer.swift */ = {isa = PBXFileReference; fileEncoding = 4; lastKnownFileType = sourcecode.swift; path = StudentDataLayer.swift; sourceTree = "<group>"; };
		46F154F31B6D23D200C203F6 /* StudentDataTableViewCell.swift */ = {isa = PBXFileReference; fileEncoding = 4; lastKnownFileType = sourcecode.swift; path = StudentDataTableViewCell.swift; sourceTree = "<group>"; };
		46F154F61B6D5D2000C203F6 /* TaskResult.swift */ = {isa = PBXFileReference; fileEncoding = 4; lastKnownFileType = sourcecode.swift; path = TaskResult.swift; sourceTree = "<group>"; };
/* End PBXFileReference section */

/* Begin PBXFrameworksBuildPhase section */
		4657421E1B616ADD00FE3E58 /* Frameworks */ = {
			isa = PBXFrameworksBuildPhase;
			buildActionMask = 2147483647;
			files = (
				4621E25E1B72A34D00446739 /* AVFoundation.framework in Frameworks */,
				46BED1961B6C18AD007E8E15 /* libsqlite3.dylib in Frameworks */,
				46BED1941B6C189C007E8E15 /* libz.dylib in Frameworks */,
				46BED1921B6C188E007E8E15 /* SystemConfiguration.framework in Frameworks */,
				46BED18E1B6C187C007E8E15 /* Security.framework in Frameworks */,
				46BED18C1B6C1874007E8E15 /* QuartzCore.framework in Frameworks */,
				46BED18A1B6C186D007E8E15 /* CoreLocation.framework in Frameworks */,
				46BED1881B6C1864007E8E15 /* CoreGraphics.framework in Frameworks */,
				46BED1861B6C185D007E8E15 /* CFNetwork.framework in Frameworks */,
				46BED1841B6C1855007E8E15 /* AudioToolbox.framework in Frameworks */,
				46BED1811B6C17D2007E8E15 /* ParseUI.framework in Frameworks */,
				46BED17D1B6C17D2007E8E15 /* Parse.framework in Frameworks */,
				46BED17E1B6C17D2007E8E15 /* ParseCrashReporting.framework in Frameworks */,
				46BED17F1B6C17D2007E8E15 /* ParseFacebookUtils.framework in Frameworks */,
				46BED17C1B6C17D2007E8E15 /* Bolts.framework in Frameworks */,
				46BED1801B6C17D2007E8E15 /* ParseFacebookUtilsV4.framework in Frameworks */,
			);
			runOnlyForDeploymentPostprocessing = 0;
		};
		465742331B616ADE00FE3E58 /* Frameworks */ = {
			isa = PBXFrameworksBuildPhase;
			buildActionMask = 2147483647;
			files = (
			);
			runOnlyForDeploymentPostprocessing = 0;
		};
/* End PBXFrameworksBuildPhase section */

/* Begin PBXGroup section */
		465742181B616ADD00FE3E58 = {
			isa = PBXGroup;
			children = (
				465742231B616ADD00FE3E58 /* Phoneme */,
				465742391B616ADE00FE3E58 /* PhonemeTests */,
				465742221B616ADD00FE3E58 /* Products */,
			);
			sourceTree = "<group>";
		};
		465742221B616ADD00FE3E58 /* Products */ = {
			isa = PBXGroup;
			children = (
				465742211B616ADD00FE3E58 /* Phoneme.app */,
				465742361B616ADE00FE3E58 /* PhonemeTests.xctest */,
			);
			name = Products;
			sourceTree = "<group>";
		};
		465742231B616ADD00FE3E58 /* Phoneme */ = {
			isa = PBXGroup;
			children = (
				465B4F2E1B7613980001EA66 /* ViewControllers */,
				46F154F51B6D5D0300C203F6 /* Model */,
				4672DC891B6CBEFA00DED51D /* DataLayer */,
				465742481B616C2600FE3E58 /* Audio */,
				465742261B616ADD00FE3E58 /* AppDelegate.swift */,
				4657422A1B616ADD00FE3E58 /* Main.storyboard */,
				4657422D1B616ADD00FE3E58 /* Images.xcassets */,
				465742511B6170D000FE3E58 /* CustomImageCell.swift */,
				46F154F31B6D23D200C203F6 /* StudentDataTableViewCell.swift */,
				464B04C01B640A2E000312CC /* AudioManager.swift */,
				4657422F1B616ADD00FE3E58 /* LaunchScreen.xib */,
				465B4F311B7615460001EA66 /* CustomLetterCell.swift */,
				46BED1821B6C17EF007E8E15 /* Frameworks */,
				465742241B616ADD00FE3E58 /* Supporting Files */,
				46B8B16C1B7900D800D74B15 /* Resources */,
			);
			path = Phoneme;
			sourceTree = "<group>";
		};
		465742241B616ADD00FE3E58 /* Supporting Files */ = {
			isa = PBXGroup;
			children = (
				465742251B616ADD00FE3E58 /* Info.plist */,
				4621E25B1B7030EC00446739 /* key2.plist */,
			);
			name = "Supporting Files";
			sourceTree = "<group>";
		};
		465742391B616ADE00FE3E58 /* PhonemeTests */ = {
			isa = PBXGroup;
			children = (
				4657423C1B616ADE00FE3E58 /* PhonemeTests.swift */,
				4657423A1B616ADE00FE3E58 /* Supporting Files */,
			);
			path = PhonemeTests;
			sourceTree = "<group>";
		};
		4657423A1B616ADE00FE3E58 /* Supporting Files */ = {
			isa = PBXGroup;
			children = (
				4657423B1B616ADE00FE3E58 /* Info.plist */,
			);
			name = "Supporting Files";
			sourceTree = "<group>";
		};
		465742481B616C2600FE3E58 /* Audio */ = {
			isa = PBXGroup;
			children = (
				46B8B1601B775D0B00D74B15 /* Comp1.mp4 */,
				46B8B1611B775D0B00D74B15 /* Comp2.mp4 */,
				46B8B1621B775D0B00D74B15 /* Comp3.mp4 */,
				46B8B1631B775D0B00D74B15 /* Comp4.mp4 */,
				46B8B1641B775D0B00D74B15 /* Comp5.mp4 */,
				46B8B1651B775D0B00D74B15 /* Comp6.mp4 */,
				460506071B765B180053EB1C /* WordRead1.mp4 */,
				460506081B765B180053EB1C /* WordRead2.mp4 */,
				460506091B765B180053EB1C /* WordRead3.mp4 */,
				4605060A1B765B180053EB1C /* WordRead4.mp4 */,
				4605060B1B765B180053EB1C /* WordRead5.mp4 */,
				4605060C1B765B180053EB1C /* WordRead6.mp4 */,
				4605060D1B765B180053EB1C /* WordRead7.mp4 */,
				4605060E1B765B180053EB1C /* WordRead8.mp4 */,
				4605060F1B765B180053EB1C /* WordRead9.mp4 */,
				460506101B765B180053EB1C /* WordRead10.mp4 */,
				460506111B765B180053EB1C /* WordRead11.mp4 */,
				460506121B765B180053EB1C /* WordRead12.mp4 */,
				460506131B765B180053EB1C /* WordRead13.mp4 */,
				460506141B765B180053EB1C /* WordRead14.mp4 */,
				460506151B765B190053EB1C /* WordRead15.mp4 */,
				460506161B765B190053EB1C /* WordReadIntro.mp4 */,
				460505D71B7633960053EB1C /* LSRec1.mp4 */,
				460505D81B7633960053EB1C /* LSRec2.mp4 */,
				460505D91B7633960053EB1C /* LSRec3.mp4 */,
				460505DA1B7633960053EB1C /* LSRec4.mp4 */,
				460505DB1B7633960053EB1C /* LSRec5.mp4 */,
				460505DC1B7633960053EB1C /* LSRec6.mp4 */,
				460505DD1B7633960053EB1C /* LSRec7.mp4 */,
				460505DE1B7633960053EB1C /* LSRec8.mp4 */,
				460505DF1B7633960053EB1C /* LSRec9.mp4 */,
				460505E01B7633960053EB1C /* LSRec10.mp4 */,
				460505E11B7633960053EB1C /* LSRec11.mp4 */,
				460505E21B7633960053EB1C /* LSRec12.mp4 */,
				460505E31B7633960053EB1C /* LSRec13.mp4 */,
				460505E41B7633960053EB1C /* LSRec14.mp4 */,
				460505E51B7633960053EB1C /* LSRec15.mp4 */,
				460505E61B7633960053EB1C /* LSRec16.mp4 */,
				460505E71B7633960053EB1C /* LSRec17.mp4 */,
				460505E81B7633960053EB1C /* LSRec18.mp4 */,
				460505E91B7633960053EB1C /* LSRec19.mp4 */,
				460505EA1B7633960053EB1C /* LSRec20.mp4 */,
				460505EB1B7633960053EB1C /* LSRec21.mp4 */,
				460505EC1B7633960053EB1C /* LSRec22.mp4 */,
				460505ED1B7633960053EB1C /* LSRec23.mp4 */,
				460505EE1B7633960053EB1C /* LSRecIntro.mp4 */,
				465B4EFA1B7604940001EA66 /* LNRec1.mp4 */,
				465B4EFB1B7604940001EA66 /* LNRec2.mp4 */,
				465B4EFC1B7604940001EA66 /* LNRec3.mp4 */,
				465B4EFD1B7604940001EA66 /* LNRec4.mp4 */,
				465B4EFE1B7604940001EA66 /* LNRec5.mp4 */,
				465B4EFF1B7604940001EA66 /* LNRec6.mp4 */,
				465B4F001B7604940001EA66 /* LNRec7.mp4 */,
				465B4F011B7604940001EA66 /* LNRec8.mp4 */,
				465B4F021B7604940001EA66 /* LNRec9.mp4 */,
				465B4F031B7604940001EA66 /* LNRec10.mp4 */,
				465B4F041B7604940001EA66 /* LNRec11.mp4 */,
				465B4F051B7604940001EA66 /* LNRec12.mp4 */,
				465B4F061B7604940001EA66 /* LNRec13.mp4 */,
				465B4F071B7604940001EA66 /* LNRec14.mp4 */,
				465B4F081B7604940001EA66 /* LNRec15.mp4 */,
				465B4F091B7604940001EA66 /* LNRec16.mp4 */,
				465B4F0A1B7604940001EA66 /* LNRec17.mp4 */,
				465B4F0B1B7604940001EA66 /* LNRec18.mp4 */,
				465B4F0C1B7604940001EA66 /* LNRec20.mp4 */,
				465B4F0D1B7604940001EA66 /* LNRec21.mp4 */,
				465B4F0E1B7604940001EA66 /* LNRec22.mp4 */,
				465B4F0F1B7604940001EA66 /* LNRec23.mp4 */,
				465B4F101B7604940001EA66 /* LNRec24.mp4 */,
				465B4F111B7604940001EA66 /* LNRec25.mp4 */,
				465B4F121B7604940001EA66 /* LNRecIntro.mp4 */,
				464B04C21B642783000312CC /* InitialPhoneme1.mp4 */,
				464B04C31B642783000312CC /* InitialPhoneme2.mp4 */,
				464B04C41B642783000312CC /* InitialPhoneme3.mp4 */,
				464B04C51B642783000312CC /* InitialPhoneme4.mp4 */,
				464B04C61B642783000312CC /* InitialPhoneme5.mp4 */,
				46B8B14E1B7680CE00D74B15 /* InitialPhoneme6.mp4 */,
				464B04C81B642783000312CC /* InitialPhoneme7.mp4 */,
				46B8B1501B76810200D74B15 /* InitialPhoneme8.mp4 */,
				46B8B1461B76801300D74B15 /* InitialPhoneme9.mp4 */,
				46B8B14A1B76809400D74B15 /* InitialPhoneme10.mp4 */,
				464B04CC1B642783000312CC /* InitialPhoneme11.mp4 */,
				46B8B1481B76806500D74B15 /* InitialPhoneme12.mp4 */,
				464B04CE1B642783000312CC /* InitialPhoneme13.mp4 */,
				464B04CF1B642783000312CC /* InitialPhoneme14.mp4 */,
				464B04D01B642783000312CC /* InitialPhonemeIntro.mp4 */,
				46B8B14C1B7680A100D74B15 /* InitPhonEnding.mp4 */,
				464B04E61B6ABB18000312CC /* FinalPhoneme1.mp4 */,
				464B04E71B6ABB18000312CC /* FinalPhoneme2.mp4 */,
				464B04E81B6ABB18000312CC /* FinalPhoneme3.mp4 */,
				464B04E91B6ABB18000312CC /* FinalPhoneme4.mp4 */,
				464B04EA1B6ABB18000312CC /* FinalPhoneme5.mp4 */,
				464B04EB1B6ABB18000312CC /* FinalPhoneme6.mp4 */,
				464B04EC1B6ABB18000312CC /* FinalPhoneme7.mp4 */,
				464B04ED1B6ABB18000312CC /* FinalPhoneme8.mp4 */,
				46B8B1441B767FEF00D74B15 /* FinalPhoneme9.mp4 */,
				464B04EF1B6ABB18000312CC /* FinalPhoneme10.mp4 */,
				464B04F01B6ABB18000312CC /* FinalPhoneme11.mp4 */,
				464B04F11B6ABB18000312CC /* FinalPhoneme12.mp4 */,
				464B04F21B6ABB18000312CC /* FinalPhoneme13.mp4 */,
				464B04F31B6ABB18000312CC /* FinalPhoneme14.mp4 */,
				464B04F41B6ABB18000312CC /* FinalPhonemeIntro.mp4 */,
				46B8B1421B767F2D00D74B15 /* FinalPhonEnding.mp4 */,
				46B8B1711B7947EC00D74B15 /* RhymeCatHat.mp4 */,
				46B8B1731B79484100D74B15 /* RhymeBoatGoat.mp4 */,
				464B04A21B63BC39000312CC /* Rhyme1.mp4 */,
				46B8B1781B794A8700D74B15 /* RhymeFishDish.mp4 */,
				46B8B1771B794A8700D74B15 /* RhymeBall.mp4 */,
				46B8B17B1B794ACF00D74B15 /* RhymeHatBat.mp4 */,
				46B8B17C1B794ACF00D74B15 /* RhymePig.mp4 */,
				464B04A51B63BC39000312CC /* Rhyme4.mp4 */,
				46B8B1521B76812300D74B15 /* Rhyme5.mp4 */,
				464B04A71B63BC39000312CC /* Rhyme6.mp4 */,
				46B8B1531B76812300D74B15 /* Rhyme7.mp4 */,
				464B04A91B63BC39000312CC /* Rhyme8.mp4 */,
				46B8B1541B76812300D74B15 /* Rhyme9.mp4 */,
				464B04AB1B63BC39000312CC /* Rhyme10.mp4 */,
				46B8B1551B76812300D74B15 /* Rhyme11.mp4 */,
				464B04AD1B63BC39000312CC /* Rhyme12.mp4 */,
				46B8B1561B76812300D74B15 /* Rhyme13.mp4 */,
				464B04AF1B63BC39000312CC /* RhymeIntro.mp4 */,
				46B8B15C1B76814100D74B15 /* RhymeEnding.mp4 */,
				465742491B616CB800FE3E58 /* Fam1.mp4 */,
				4657424A1B616CB800FE3E58 /* Fam2.mp4 */,
				4657424B1B616CB800FE3E58 /* Fam3.mp4 */,
				4657424C1B616CB800FE3E58 /* Fam4.mp4 */,
				4657424D1B616CB800FE3E58 /* Fam5.mp4 */,
				4657424E1B616CB800FE3E58 /* Fam6.mp4 */,
				4657424F1B616CB800FE3E58 /* Fam7.mp4 */,
				465742501B616CB800FE3E58 /* FamIntro.mp4 */,
				46B8B1401B767E9000D74B15 /* FamiliarisationEnding.mp4 */,
				46B8B15E1B76989900D74B15 /* FamiliarisationError.mp4 */,
			);
			path = Audio;
			sourceTree = "<group>";
		};
		465B4F2E1B7613980001EA66 /* ViewControllers */ = {
			isa = PBXGroup;
			children = (
				4621E2571B6E27D000446739 /* AuthenticationViewController.swift */,
				46BED1991B6CBC4A007E8E15 /* DataEntryViewController.swift */,
				465742281B616ADD00FE3E58 /* ViewController.swift */,
				464B04A01B639F2B000312CC /* SingleRowImageTask.swift */,
				464B04E01B6427A2000312CC /* InitialPhonemeViewController.swift */,
				460506271B765C0A0053EB1C /* WordReadingTaskViewController.swift */,
				464B04E41B64347B000312CC /* TaskViewController.swift */,
				465B4F2C1B7612070001EA66 /* LetterNameRecognitionViewController.swift */,
				4621E2591B6E2E1600446739 /* BaseUIViewController.swift */,
			);
			name = ViewControllers;
			sourceTree = "<group>";
		};
		4672DC891B6CBEFA00DED51D /* DataLayer */ = {
			isa = PBXGroup;
			children = (
				4672DC8A1B6CBF3900DED51D /* SchoolsDataLayer.swift */,
				46F154EF1B6CD8B600C203F6 /* ClassDataLayer.swift */,
				46F154F11B6D012C00C203F6 /* StudentDataLayer.swift */,
			);
			name = DataLayer;
			path = Datalayer;
			sourceTree = "<group>";
		};
		46B8B16C1B7900D800D74B15 /* Resources */ = {
			isa = PBXGroup;
			children = (
				46B8B16D1B79012000D74B15 /* DidactGothic.ttf */,
				46B8B16E1B79012100D74B15 /* OFL.txt */,
			);
			path = Resources;
			sourceTree = "<group>";
		};
		46BED1821B6C17EF007E8E15 /* Frameworks */ = {
			isa = PBXGroup;
			children = (
				4621E25D1B72A34D00446739 /* AVFoundation.framework */,
				46BED1951B6C18AD007E8E15 /* libsqlite3.dylib */,
				46BED1931B6C189C007E8E15 /* libz.dylib */,
				46BED1911B6C188E007E8E15 /* SystemConfiguration.framework */,
				46BED18D1B6C187C007E8E15 /* Security.framework */,
				46BED18B1B6C1874007E8E15 /* QuartzCore.framework */,
				46BED1891B6C186C007E8E15 /* CoreLocation.framework */,
				46BED1871B6C1864007E8E15 /* CoreGraphics.framework */,
				46BED1851B6C185D007E8E15 /* CFNetwork.framework */,
				46BED1831B6C1855007E8E15 /* AudioToolbox.framework */,
				46BED1761B6C17D2007E8E15 /* Bolts.framework */,
				46BED1771B6C17D2007E8E15 /* Parse.framework */,
				46BED1781B6C17D2007E8E15 /* ParseCrashReporting.framework */,
				46BED1791B6C17D2007E8E15 /* ParseFacebookUtils.framework */,
				46BED17A1B6C17D2007E8E15 /* ParseFacebookUtilsV4.framework */,
				46BED17B1B6C17D2007E8E15 /* ParseUI.framework */,
			);
			name = Frameworks;
			sourceTree = "<group>";
		};
		46F154F51B6D5D0300C203F6 /* Model */ = {
			isa = PBXGroup;
			children = (
				464B04E21B642D8C000312CC /* InitialPhonemeTask.swift */,
				46BBAFA01B62D72300B65571 /* TaskItem.swift */,
				464B04BE1B63F413000312CC /* Queue.swift */,
				464B05041B6ABBEE000312CC /* TaskFactory.swift */,
				46F154F61B6D5D2000C203F6 /* TaskResult.swift */,
			);
			name = Model;
			sourceTree = "<group>";
		};
/* End PBXGroup section */

/* Begin PBXNativeTarget section */
		465742201B616ADD00FE3E58 /* Phoneme */ = {
			isa = PBXNativeTarget;
			buildConfigurationList = 465742401B616ADE00FE3E58 /* Build configuration list for PBXNativeTarget "Phoneme" */;
			buildPhases = (
				4657421D1B616ADD00FE3E58 /* Sources */,
				4657421E1B616ADD00FE3E58 /* Frameworks */,
				4657421F1B616ADD00FE3E58 /* Resources */,
			);
			buildRules = (
			);
			dependencies = (
			);
			name = Phoneme;
			productName = Phoneme;
			productReference = 465742211B616ADD00FE3E58 /* Phoneme.app */;
			productType = "com.apple.product-type.application";
		};
		465742351B616ADE00FE3E58 /* PhonemeTests */ = {
			isa = PBXNativeTarget;
			buildConfigurationList = 465742431B616ADE00FE3E58 /* Build configuration list for PBXNativeTarget "PhonemeTests" */;
			buildPhases = (
				465742321B616ADE00FE3E58 /* Sources */,
				465742331B616ADE00FE3E58 /* Frameworks */,
				465742341B616ADE00FE3E58 /* Resources */,
			);
			buildRules = (
			);
			dependencies = (
				465742381B616ADE00FE3E58 /* PBXTargetDependency */,
			);
			name = PhonemeTests;
			productName = PhonemeTests;
			productReference = 465742361B616ADE00FE3E58 /* PhonemeTests.xctest */;
			productType = "com.apple.product-type.bundle.unit-test";
		};
/* End PBXNativeTarget section */

/* Begin PBXProject section */
		465742191B616ADD00FE3E58 /* Project object */ = {
			isa = PBXProject;
			attributes = {
				LastUpgradeCheck = 0640;
				ORGANIZATIONNAME = donal;
				TargetAttributes = {
					465742201B616ADD00FE3E58 = {
						CreatedOnToolsVersion = 6.4;
						DevelopmentTeam = KXQDM2VXYW;
						SystemCapabilities = {
							com.apple.InAppPurchase = {
								enabled = 0;
							};
						};
					};
					465742351B616ADE00FE3E58 = {
						CreatedOnToolsVersion = 6.4;
						TestTargetID = 465742201B616ADD00FE3E58;
					};
				};
			};
			buildConfigurationList = 4657421C1B616ADD00FE3E58 /* Build configuration list for PBXProject "Phoneme" */;
			compatibilityVersion = "Xcode 3.2";
			developmentRegion = English;
			hasScannedForEncodings = 0;
			knownRegions = (
				en,
				Base,
			);
			mainGroup = 465742181B616ADD00FE3E58;
			productRefGroup = 465742221B616ADD00FE3E58 /* Products */;
			projectDirPath = "";
			projectRoot = "";
			targets = (
				465742201B616ADD00FE3E58 /* Phoneme */,
				465742351B616ADE00FE3E58 /* PhonemeTests */,
			);
		};
/* End PBXProject section */

/* Begin PBXResourcesBuildPhase section */
		4657421F1B616ADD00FE3E58 /* Resources */ = {
			isa = PBXResourcesBuildPhase;
			buildActionMask = 2147483647;
			files = (
				46B8B1791B794A8700D74B15 /* RhymeBall.mp4 in Resources */,
				46B8B1721B7947EC00D74B15 /* RhymeCatHat.mp4 in Resources */,
				464B04D41B642783000312CC /* InitialPhoneme4.mp4 in Resources */,
				464B04BD1B63BC39000312CC /* RhymeIntro.mp4 in Resources */,
				460506251B765B190053EB1C /* WordRead15.mp4 in Resources */,
				465742591B617B8A00FE3E58 /* Fam5.mp4 in Resources */,
				460506041B7633960053EB1C /* LSRec22.mp4 in Resources */,
				460506021B7633960053EB1C /* LSRec20.mp4 in Resources */,
				460506001B7633960053EB1C /* LSRec18.mp4 in Resources */,
				460505FA1B7633960053EB1C /* LSRec12.mp4 in Resources */,
				46B8B1671B775D0B00D74B15 /* Comp2.mp4 in Resources */,
				464B04B91B63BC39000312CC /* Rhyme10.mp4 in Resources */,
				465B4F171B7604940001EA66 /* LNRec5.mp4 in Resources */,
				465B4F251B7604940001EA66 /* LNRec20.mp4 in Resources */,
				464B05031B6ABB18000312CC /* FinalPhonemeIntro.mp4 in Resources */,
				465B4F211B7604940001EA66 /* LNRec15.mp4 in Resources */,
				46B8B1581B76812300D74B15 /* Rhyme7.mp4 in Resources */,
				46B8B1701B79012100D74B15 /* OFL.txt in Resources */,
				465742551B617B8400FE3E58 /* Fam1.mp4 in Resources */,
				464B04FA1B6ABB18000312CC /* FinalPhoneme6.mp4 in Resources */,
				460505F81B7633960053EB1C /* LSRec10.mp4 in Resources */,
				464B04F71B6ABB18000312CC /* FinalPhoneme3.mp4 in Resources */,
				460506011B7633960053EB1C /* LSRec19.mp4 in Resources */,
				46B8B1511B76810200D74B15 /* InitialPhoneme8.mp4 in Resources */,
				4605061E1B765B190053EB1C /* WordRead8.mp4 in Resources */,
				46B8B14F1B7680CE00D74B15 /* InitialPhoneme6.mp4 in Resources */,
				460506241B765B190053EB1C /* WordRead14.mp4 in Resources */,
				465B4F1D1B7604940001EA66 /* LNRec11.mp4 in Resources */,
				464B04FB1B6ABB18000312CC /* FinalPhoneme7.mp4 in Resources */,
				465B4F151B7604940001EA66 /* LNRec3.mp4 in Resources */,
				464B04B71B63BC39000312CC /* Rhyme8.mp4 in Resources */,
				464B04FE1B6ABB18000312CC /* FinalPhoneme10.mp4 in Resources */,
				465B4F2A1B7604940001EA66 /* LNRec25.mp4 in Resources */,
				464B04B31B63BC39000312CC /* Rhyme4.mp4 in Resources */,
				465B4F141B7604940001EA66 /* LNRec2.mp4 in Resources */,
				46B8B16A1B775D0B00D74B15 /* Comp5.mp4 in Resources */,
				4605061F1B765B190053EB1C /* WordRead9.mp4 in Resources */,
				464B04B51B63BC39000312CC /* Rhyme6.mp4 in Resources */,
				460506191B765B190053EB1C /* WordRead3.mp4 in Resources */,
				460505F71B7633960053EB1C /* LSRec9.mp4 in Resources */,
				460505F41B7633960053EB1C /* LSRec6.mp4 in Resources */,
				465B4F1B1B7604940001EA66 /* LNRec9.mp4 in Resources */,
				464B04D31B642783000312CC /* InitialPhoneme3.mp4 in Resources */,
				464B04F61B6ABB18000312CC /* FinalPhoneme2.mp4 in Resources */,
				464B04DF1B642783000312CC /* InitialPhonemeIntro.mp4 in Resources */,
				460506061B7633960053EB1C /* LSRecIntro.mp4 in Resources */,
				4605061A1B765B190053EB1C /* WordRead4.mp4 in Resources */,
				460506261B765B190053EB1C /* WordReadIntro.mp4 in Resources */,
				465742581B617B8A00FE3E58 /* Fam4.mp4 in Resources */,
				4605061C1B765B190053EB1C /* WordRead6.mp4 in Resources */,
				465B4F231B7604940001EA66 /* LNRec17.mp4 in Resources */,
				460505FB1B7633960053EB1C /* LSRec13.mp4 in Resources */,
				460505F61B7633960053EB1C /* LSRec8.mp4 in Resources */,
				464B04FF1B6ABB18000312CC /* FinalPhoneme11.mp4 in Resources */,
				460506171B765B190053EB1C /* WordRead1.mp4 in Resources */,
				465B4F2B1B7604940001EA66 /* LNRecIntro.mp4 in Resources */,
				460506181B765B190053EB1C /* WordRead2.mp4 in Resources */,
				464B04B01B63BC39000312CC /* Rhyme1.mp4 in Resources */,
				460505F01B7633960053EB1C /* LSRec2.mp4 in Resources */,
				465B4F191B7604940001EA66 /* LNRec7.mp4 in Resources */,
				46B8B17D1B794ACF00D74B15 /* RhymeHatBat.mp4 in Resources */,
				4621E25C1B7030EC00446739 /* key2.plist in Resources */,
				46B8B16F1B79012100D74B15 /* DidactGothic.ttf in Resources */,
				460505FF1B7633960053EB1C /* LSRec17.mp4 in Resources */,
				460505F31B7633960053EB1C /* LSRec5.mp4 in Resources */,
				46B8B1411B767E9000D74B15 /* FamiliarisationEnding.mp4 in Resources */,
				465B4F1E1B7604940001EA66 /* LNRec12.mp4 in Resources */,
				464B04DD1B642783000312CC /* InitialPhoneme13.mp4 in Resources */,
				464B04D21B642783000312CC /* InitialPhoneme2.mp4 in Resources */,
				46B8B14D1B7680A100D74B15 /* InitPhonEnding.mp4 in Resources */,
				4657425C1B617B8A00FE3E58 /* FamIntro.mp4 in Resources */,
				460506211B765B190053EB1C /* WordRead11.mp4 in Resources */,
				460505F51B7633960053EB1C /* LSRec7.mp4 in Resources */,
				460506221B765B190053EB1C /* WordRead12.mp4 in Resources */,
				46B8B1681B775D0B00D74B15 /* Comp3.mp4 in Resources */,
				46B8B1691B775D0B00D74B15 /* Comp4.mp4 in Resources */,
				46B8B1471B76801300D74B15 /* InitialPhoneme9.mp4 in Resources */,
				465B4F291B7604940001EA66 /* LNRec24.mp4 in Resources */,
				46B8B15B1B76812300D74B15 /* Rhyme13.mp4 in Resources */,
				46B8B15D1B76814100D74B15 /* RhymeEnding.mp4 in Resources */,
				465B4F131B7604940001EA66 /* LNRec1.mp4 in Resources */,
				460505F11B7633960053EB1C /* LSRec3.mp4 in Resources */,
				46B8B15F1B76989900D74B15 /* FamiliarisationError.mp4 in Resources */,
				46B8B1431B767F2D00D74B15 /* FinalPhonEnding.mp4 in Resources */,
				46B8B17A1B794A8700D74B15 /* RhymeFishDish.mp4 in Resources */,
				465B4F281B7604940001EA66 /* LNRec23.mp4 in Resources */,
				460506051B7633960053EB1C /* LSRec23.mp4 in Resources */,
				465B4F161B7604940001EA66 /* LNRec4.mp4 in Resources */,
				46B8B15A1B76812300D74B15 /* Rhyme11.mp4 in Resources */,
				460506031B7633960053EB1C /* LSRec21.mp4 in Resources */,
				46B8B1661B775D0B00D74B15 /* Comp1.mp4 in Resources */,
				464B04DB1B642783000312CC /* InitialPhoneme11.mp4 in Resources */,
				460505FC1B7633960053EB1C /* LSRec14.mp4 in Resources */,
				464B05001B6ABB18000312CC /* FinalPhoneme12.mp4 in Resources */,
				464B04D11B642783000312CC /* InitialPhoneme1.mp4 in Resources */,
				464B04F81B6ABB18000312CC /* FinalPhoneme4.mp4 in Resources */,
				4657422C1B616ADD00FE3E58 /* Main.storyboard in Resources */,
				46B8B1571B76812300D74B15 /* Rhyme5.mp4 in Resources */,
				465B4F201B7604940001EA66 /* LNRec14.mp4 in Resources */,
				465B4F181B7604940001EA66 /* LNRec6.mp4 in Resources */,
				460505F21B7633960053EB1C /* LSRec4.mp4 in Resources */,
				46B8B16B1B775D0B00D74B15 /* Comp6.mp4 in Resources */,
				465B4F241B7604940001EA66 /* LNRec18.mp4 in Resources */,
				464B04F51B6ABB18000312CC /* FinalPhoneme1.mp4 in Resources */,
				460505FD1B7633960053EB1C /* LSRec15.mp4 in Resources */,
				464B04BB1B63BC39000312CC /* Rhyme12.mp4 in Resources */,
				465B4F1C1B7604940001EA66 /* LNRec10.mp4 in Resources */,
				460506231B765B190053EB1C /* WordRead13.mp4 in Resources */,
				460505FE1B7633960053EB1C /* LSRec16.mp4 in Resources */,
				4657425B1B617B8A00FE3E58 /* Fam7.mp4 in Resources */,
				4605061D1B765B190053EB1C /* WordRead7.mp4 in Resources */,
				465742571B617B8A00FE3E58 /* Fam3.mp4 in Resources */,
				465B4F261B7604940001EA66 /* LNRec21.mp4 in Resources */,
				464B05011B6ABB18000312CC /* FinalPhoneme13.mp4 in Resources */,
				465B4F1A1B7604940001EA66 /* LNRec8.mp4 in Resources */,
				460506201B765B190053EB1C /* WordRead10.mp4 in Resources */,
				46B8B1451B767FEF00D74B15 /* FinalPhoneme9.mp4 in Resources */,
				464B04DE1B642783000312CC /* InitialPhoneme14.mp4 in Resources */,
				46B8B1491B76806500D74B15 /* InitialPhoneme12.mp4 in Resources */,
				464B04D51B642783000312CC /* InitialPhoneme5.mp4 in Resources */,
				464B05021B6ABB18000312CC /* FinalPhoneme14.mp4 in Resources */,
				4657425A1B617B8A00FE3E58 /* Fam6.mp4 in Resources */,
				460505F91B7633960053EB1C /* LSRec11.mp4 in Resources */,
				465742311B616ADD00FE3E58 /* LaunchScreen.xib in Resources */,
				4657422E1B616ADD00FE3E58 /* Images.xcassets in Resources */,
				46B8B1591B76812300D74B15 /* Rhyme9.mp4 in Resources */,
				465742561B617B8600FE3E58 /* Fam2.mp4 in Resources */,
				46B8B1741B79484100D74B15 /* RhymeBoatGoat.mp4 in Resources */,
				464B04F91B6ABB18000312CC /* FinalPhoneme5.mp4 in Resources */,
				4605061B1B765B190053EB1C /* WordRead5.mp4 in Resources */,
				46B8B17E1B794ACF00D74B15 /* RhymePig.mp4 in Resources */,
				46B8B14B1B76809400D74B15 /* InitialPhoneme10.mp4 in Resources */,
				465B4F271B7604940001EA66 /* LNRec22.mp4 in Resources */,
				460505EF1B7633960053EB1C /* LSRec1.mp4 in Resources */,
				465B4F1F1B7604940001EA66 /* LNRec13.mp4 in Resources */,
				465B4F221B7604940001EA66 /* LNRec16.mp4 in Resources */,
				464B04FC1B6ABB18000312CC /* FinalPhoneme8.mp4 in Resources */,
				464B04D71B642783000312CC /* InitialPhoneme7.mp4 in Resources */,
			);
			runOnlyForDeploymentPostprocessing = 0;
		};
		465742341B616ADE00FE3E58 /* Resources */ = {
			isa = PBXResourcesBuildPhase;
			buildActionMask = 2147483647;
			files = (
			);
			runOnlyForDeploymentPostprocessing = 0;
		};
/* End PBXResourcesBuildPhase section */

/* Begin PBXSourcesBuildPhase section */
		4657421D1B616ADD00FE3E58 /* Sources */ = {
			isa = PBXSourcesBuildPhase;
			buildActionMask = 2147483647;
			files = (
				464B04A11B639F2B000312CC /* SingleRowImageTask.swift in Sources */,
				464B04E31B642D8C000312CC /* InitialPhonemeTask.swift in Sources */,
				464B04C11B640A2E000312CC /* AudioManager.swift in Sources */,
				4672DC8B1B6CBF3900DED51D /* SchoolsDataLayer.swift in Sources */,
				460506281B765C0A0053EB1C /* WordReadingTaskViewController.swift in Sources */,
				4621E2581B6E27D000446739 /* AuthenticationViewController.swift in Sources */,
				464B04E11B6427A2000312CC /* InitialPhonemeViewController.swift in Sources */,
				464B05051B6ABBEE000312CC /* TaskFactory.swift in Sources */,
				46F154F01B6CD8B600C203F6 /* ClassDataLayer.swift in Sources */,
				46F154F71B6D5D2000C203F6 /* TaskResult.swift in Sources */,
				465B4F2D1B7612070001EA66 /* LetterNameRecognitionViewController.swift in Sources */,
				464B04BF1B63F413000312CC /* Queue.swift in Sources */,
				4621E25A1B6E2E1600446739 /* BaseUIViewController.swift in Sources */,
				46BED19A1B6CBC4A007E8E15 /* DataEntryViewController.swift in Sources */,
				46BBAFA11B62D72300B65571 /* TaskItem.swift in Sources */,
				465742291B616ADD00FE3E58 /* ViewController.swift in Sources */,
				465B4F321B7615460001EA66 /* CustomLetterCell.swift in Sources */,
				46F154F21B6D012C00C203F6 /* StudentDataLayer.swift in Sources */,
				464B04E51B64347B000312CC /* TaskViewController.swift in Sources */,
				46F154F41B6D23D200C203F6 /* StudentDataTableViewCell.swift in Sources */,
				465742521B6170D000FE3E58 /* CustomImageCell.swift in Sources */,
				465742271B616ADD00FE3E58 /* AppDelegate.swift in Sources */,
			);
			runOnlyForDeploymentPostprocessing = 0;
		};
		465742321B616ADE00FE3E58 /* Sources */ = {
			isa = PBXSourcesBuildPhase;
			buildActionMask = 2147483647;
			files = (
				4657423D1B616ADE00FE3E58 /* PhonemeTests.swift in Sources */,
			);
			runOnlyForDeploymentPostprocessing = 0;
		};
/* End PBXSourcesBuildPhase section */

/* Begin PBXTargetDependency section */
		465742381B616ADE00FE3E58 /* PBXTargetDependency */ = {
			isa = PBXTargetDependency;
			target = 465742201B616ADD00FE3E58 /* Phoneme */;
			targetProxy = 465742371B616ADE00FE3E58 /* PBXContainerItemProxy */;
		};
/* End PBXTargetDependency section */

/* Begin PBXVariantGroup section */
		4657422A1B616ADD00FE3E58 /* Main.storyboard */ = {
			isa = PBXVariantGroup;
			children = (
				4657422B1B616ADD00FE3E58 /* Base */,
			);
			name = Main.storyboard;
			sourceTree = "<group>";
		};
		4657422F1B616ADD00FE3E58 /* LaunchScreen.xib */ = {
			isa = PBXVariantGroup;
			children = (
				465742301B616ADD00FE3E58 /* Base */,
			);
			name = LaunchScreen.xib;
			sourceTree = "<group>";
		};
/* End PBXVariantGroup section */

/* Begin XCBuildConfiguration section */
		4657423E1B616ADE00FE3E58 /* Debug */ = {
			isa = XCBuildConfiguration;
			buildSettings = {
				ALWAYS_SEARCH_USER_PATHS = NO;
				CLANG_CXX_LANGUAGE_STANDARD = "gnu++0x";
				CLANG_CXX_LIBRARY = "libc++";
				CLANG_ENABLE_MODULES = YES;
				CLANG_ENABLE_OBJC_ARC = YES;
				CLANG_WARN_BOOL_CONVERSION = YES;
				CLANG_WARN_CONSTANT_CONVERSION = YES;
				CLANG_WARN_DIRECT_OBJC_ISA_USAGE = YES_ERROR;
				CLANG_WARN_EMPTY_BODY = YES;
				CLANG_WARN_ENUM_CONVERSION = YES;
				CLANG_WARN_INT_CONVERSION = YES;
				CLANG_WARN_OBJC_ROOT_CLASS = YES_ERROR;
				CLANG_WARN_UNREACHABLE_CODE = YES;
				CLANG_WARN__DUPLICATE_METHOD_MATCH = YES;
				"CODE_SIGN_IDENTITY[sdk=iphoneos*]" = "iPhone Developer";
				COPY_PHASE_STRIP = NO;
				DEBUG_INFORMATION_FORMAT = "dwarf-with-dsym";
				ENABLE_STRICT_OBJC_MSGSEND = YES;
				GCC_C_LANGUAGE_STANDARD = gnu99;
				GCC_DYNAMIC_NO_PIC = NO;
				GCC_NO_COMMON_BLOCKS = YES;
				GCC_OPTIMIZATION_LEVEL = 0;
				GCC_PREPROCESSOR_DEFINITIONS = (
					"DEBUG=1",
					"$(inherited)",
				);
				GCC_SYMBOLS_PRIVATE_EXTERN = NO;
				GCC_WARN_64_TO_32_BIT_CONVERSION = YES;
				GCC_WARN_ABOUT_RETURN_TYPE = YES_ERROR;
				GCC_WARN_UNDECLARED_SELECTOR = YES;
				GCC_WARN_UNINITIALIZED_AUTOS = YES_AGGRESSIVE;
				GCC_WARN_UNUSED_FUNCTION = YES;
				GCC_WARN_UNUSED_VARIABLE = YES;
				IPHONEOS_DEPLOYMENT_TARGET = 8.4;
				MTL_ENABLE_DEBUG_INFO = YES;
				ONLY_ACTIVE_ARCH = YES;
				SDKROOT = iphoneos;
				SWIFT_OPTIMIZATION_LEVEL = "-Onone";
				TARGETED_DEVICE_FAMILY = 2;
			};
			name = Debug;
		};
		4657423F1B616ADE00FE3E58 /* Release */ = {
			isa = XCBuildConfiguration;
			buildSettings = {
				ALWAYS_SEARCH_USER_PATHS = NO;
				CLANG_CXX_LANGUAGE_STANDARD = "gnu++0x";
				CLANG_CXX_LIBRARY = "libc++";
				CLANG_ENABLE_MODULES = YES;
				CLANG_ENABLE_OBJC_ARC = YES;
				CLANG_WARN_BOOL_CONVERSION = YES;
				CLANG_WARN_CONSTANT_CONVERSION = YES;
				CLANG_WARN_DIRECT_OBJC_ISA_USAGE = YES_ERROR;
				CLANG_WARN_EMPTY_BODY = YES;
				CLANG_WARN_ENUM_CONVERSION = YES;
				CLANG_WARN_INT_CONVERSION = YES;
				CLANG_WARN_OBJC_ROOT_CLASS = YES_ERROR;
				CLANG_WARN_UNREACHABLE_CODE = YES;
				CLANG_WARN__DUPLICATE_METHOD_MATCH = YES;
				"CODE_SIGN_IDENTITY[sdk=iphoneos*]" = "iPhone Developer";
				COPY_PHASE_STRIP = NO;
				DEBUG_INFORMATION_FORMAT = "dwarf-with-dsym";
				ENABLE_NS_ASSERTIONS = NO;
				ENABLE_STRICT_OBJC_MSGSEND = YES;
				GCC_C_LANGUAGE_STANDARD = gnu99;
				GCC_NO_COMMON_BLOCKS = YES;
				GCC_WARN_64_TO_32_BIT_CONVERSION = YES;
				GCC_WARN_ABOUT_RETURN_TYPE = YES_ERROR;
				GCC_WARN_UNDECLARED_SELECTOR = YES;
				GCC_WARN_UNINITIALIZED_AUTOS = YES_AGGRESSIVE;
				GCC_WARN_UNUSED_FUNCTION = YES;
				GCC_WARN_UNUSED_VARIABLE = YES;
				IPHONEOS_DEPLOYMENT_TARGET = 8.4;
				MTL_ENABLE_DEBUG_INFO = NO;
				SDKROOT = iphoneos;
				TARGETED_DEVICE_FAMILY = 2;
				VALIDATE_PRODUCT = YES;
			};
			name = Release;
		};
		465742411B616ADE00FE3E58 /* Debug */ = {
			isa = XCBuildConfiguration;
			buildSettings = {
				ASSETCATALOG_COMPILER_APPICON_NAME = AppIcon;
				ASSETCATALOG_COMPILER_LAUNCHIMAGE_NAME = LaunchImage;
				CODE_SIGN_IDENTITY = "iPhone Developer";
				"CODE_SIGN_IDENTITY[sdk=iphoneos*]" = "iPhone Developer";
				FRAMEWORK_SEARCH_PATHS = (
					"$(inherited)",
					"$(PROJECT_DIR)/Phoneme/Audio",
				);
				INFOPLIST_FILE = Phoneme/Info.plist;
				IPHONEOS_DEPLOYMENT_TARGET = 8.1;
				LD_RUNPATH_SEARCH_PATHS = "$(inherited) @executable_path/Frameworks";
				PRODUCT_NAME = "$(TARGET_NAME)";
				PROVISIONING_PROFILE = "";
			};
			name = Debug;
		};
		465742421B616ADE00FE3E58 /* Release */ = {
			isa = XCBuildConfiguration;
			buildSettings = {
				ASSETCATALOG_COMPILER_APPICON_NAME = AppIcon;
				ASSETCATALOG_COMPILER_LAUNCHIMAGE_NAME = LaunchImage;
				CODE_SIGN_IDENTITY = "iPhone Developer";
				"CODE_SIGN_IDENTITY[sdk=iphoneos*]" = "iPhone Developer";
				FRAMEWORK_SEARCH_PATHS = (
					"$(inherited)",
					"$(PROJECT_DIR)/Phoneme/Audio",
				);
				INFOPLIST_FILE = Phoneme/Info.plist;
				IPHONEOS_DEPLOYMENT_TARGET = 8.1;
				LD_RUNPATH_SEARCH_PATHS = "$(inherited) @executable_path/Frameworks";
				PRODUCT_NAME = "$(TARGET_NAME)";
				PROVISIONING_PROFILE = "";
			};
			name = Release;
		};
		465742441B616ADE00FE3E58 /* Debug */ = {
			isa = XCBuildConfiguration;
			buildSettings = {
				BUNDLE_LOADER = "$(TEST_HOST)";
				FRAMEWORK_SEARCH_PATHS = (
					"$(SDKROOT)/Developer/Library/Frameworks",
					"$(inherited)",
				);
				GCC_PREPROCESSOR_DEFINITIONS = (
					"DEBUG=1",
					"$(inherited)",
				);
				INFOPLIST_FILE = PhonemeTests/Info.plist;
				LD_RUNPATH_SEARCH_PATHS = "$(inherited) @executable_path/Frameworks @loader_path/Frameworks";
				PRODUCT_NAME = "$(TARGET_NAME)";
				TEST_HOST = "$(BUILT_PRODUCTS_DIR)/Phoneme.app/Phoneme";
			};
			name = Debug;
		};
		465742451B616ADE00FE3E58 /* Release */ = {
			isa = XCBuildConfiguration;
			buildSettings = {
				BUNDLE_LOADER = "$(TEST_HOST)";
				FRAMEWORK_SEARCH_PATHS = (
					"$(SDKROOT)/Developer/Library/Frameworks",
					"$(inherited)",
				);
				INFOPLIST_FILE = PhonemeTests/Info.plist;
				LD_RUNPATH_SEARCH_PATHS = "$(inherited) @executable_path/Frameworks @loader_path/Frameworks";
				PRODUCT_NAME = "$(TARGET_NAME)";
				TEST_HOST = "$(BUILT_PRODUCTS_DIR)/Phoneme.app/Phoneme";
			};
			name = Release;
		};
/* End XCBuildConfiguration section */

/* Begin XCConfigurationList section */
		4657421C1B616ADD00FE3E58 /* Build configuration list for PBXProject "Phoneme" */ = {
			isa = XCConfigurationList;
			buildConfigurations = (
				4657423E1B616ADE00FE3E58 /* Debug */,
				4657423F1B616ADE00FE3E58 /* Release */,
			);
			defaultConfigurationIsVisible = 0;
			defaultConfigurationName = Release;
		};
		465742401B616ADE00FE3E58 /* Build configuration list for PBXNativeTarget "Phoneme" */ = {
			isa = XCConfigurationList;
			buildConfigurations = (
				465742411B616ADE00FE3E58 /* Debug */,
				465742421B616ADE00FE3E58 /* Release */,
			);
			defaultConfigurationIsVisible = 0;
			defaultConfigurationName = Release;
		};
		465742431B616ADE00FE3E58 /* Build configuration list for PBXNativeTarget "PhonemeTests" */ = {
			isa = XCConfigurationList;
			buildConfigurations = (
				465742441B616ADE00FE3E58 /* Debug */,
				465742451B616ADE00FE3E58 /* Release */,
			);
			defaultConfigurationIsVisible = 0;
			defaultConfigurationName = Release;
		};
/* End XCConfigurationList section */
	};
	rootObject = 465742191B616ADD00FE3E58 /* Project object */;
}
